// !$*UTF8*$!
{
	archiveVersion = 1;
	classes = {
	};
	objectVersion = 46;
	objects = {

/* Begin PBXBuildFile section */
		28CAA6EF22F7F94F00C1B69F /* MKPolyline+MapPoint.swift in Sources */ = {isa = PBXBuildFile; fileRef = 28CAA6B822F7F94F00C1B69F /* MKPolyline+MapPoint.swift */; };
		28CAA6F022F7F94F00C1B69F /* EntityLevel+CoordinateSpan.swift in Sources */ = {isa = PBXBuildFile; fileRef = 28CAA6BA22F7F94F00C1B69F /* EntityLevel+CoordinateSpan.swift */; };
		28CAA6F122F7F94F00C1B69F /* DateFormatter+ISO8601.swift in Sources */ = {isa = PBXBuildFile; fileRef = 28CAA6BC22F7F94F00C1B69F /* DateFormatter+ISO8601.swift */; };
		28CAA6F222F7F94F00C1B69F /* MKMapView+OuterTiles.swift in Sources */ = {isa = PBXBuildFile; fileRef = 28CAA6BE22F7F94F00C1B69F /* MKMapView+OuterTiles.swift */; };
		28CAA6F322F7F94F00C1B69F /* MKMapView+ZoomLevel.swift in Sources */ = {isa = PBXBuildFile; fileRef = 28CAA6BF22F7F94F00C1B69F /* MKMapView+ZoomLevel.swift */; };
		28CAA6F422F7F94F00C1B69F /* MKMapView+BoundingBox.swift in Sources */ = {isa = PBXBuildFile; fileRef = 28CAA6C022F7F94F00C1B69F /* MKMapView+BoundingBox.swift */; };
		28CAA6F522F7F94F00C1B69F /* MKMapView+VisibleTiles.swift in Sources */ = {isa = PBXBuildFile; fileRef = 28CAA6C122F7F94F00C1B69F /* MKMapView+VisibleTiles.swift */; };
		28CAA6F622F7F94F00C1B69F /* Array+Tail.swift in Sources */ = {isa = PBXBuildFile; fileRef = 28CAA6C322F7F94F00C1B69F /* Array+Tail.swift */; };
		28CAA6F722F7F94F00C1B69F /* Array+FeatureAtLocation.swift in Sources */ = {isa = PBXBuildFile; fileRef = 28CAA6C422F7F94F00C1B69F /* Array+FeatureAtLocation.swift */; };
		28CAA6F822F7F94F00C1B69F /* Array+Synchronized.swift in Sources */ = {isa = PBXBuildFile; fileRef = 28CAA6C522F7F94F00C1B69F /* Array+Synchronized.swift */; };
		28CAA6F922F7F94F00C1B69F /* Array+BestFeature.swift in Sources */ = {isa = PBXBuildFile; fileRef = 28CAA6C622F7F94F00C1B69F /* Array+BestFeature.swift */; };
		28CAA6FA22F7F94F00C1B69F /* GeoJSONFeature+ContainsLocation.swift in Sources */ = {isa = PBXBuildFile; fileRef = 28CAA6C822F7F94F00C1B69F /* GeoJSONFeature+ContainsLocation.swift */; };
		28CAA6FB22F7F94F00C1B69F /* GeoJSONFeature+EntityLevel.swift in Sources */ = {isa = PBXBuildFile; fileRef = 28CAA6C922F7F94F00C1B69F /* GeoJSONFeature+EntityLevel.swift */; };
		28CAA6FC22F7F94F00C1B69F /* MKTileOverlayPath+Subtiles.swift in Sources */ = {isa = PBXBuildFile; fileRef = 28CAA6CB22F7F94F00C1B69F /* MKTileOverlayPath+Subtiles.swift */; };
		28CAA6FD22F7F94F00C1B69F /* GeoJSONObject+EntityLevel.swift in Sources */ = {isa = PBXBuildFile; fileRef = 28CAA6CD22F7F94F00C1B69F /* GeoJSONObject+EntityLevel.swift */; };
		28CAA6FE22F7F94F00C1B69F /* GeoJSONObject+Features.swift in Sources */ = {isa = PBXBuildFile; fileRef = 28CAA6CE22F7F94F00C1B69F /* GeoJSONObject+Features.swift */; };
		28CAA6FF22F7F94F00C1B69F /* MKClusterAnnotation+SameCoordinate.swift in Sources */ = {isa = PBXBuildFile; fileRef = 28CAA6D022F7F94F00C1B69F /* MKClusterAnnotation+SameCoordinate.swift */; };
		28CAA70022F7F94F00C1B69F /* DefaultReuseIdentifier.swift in Sources */ = {isa = PBXBuildFile; fileRef = 28CAA6D222F7F94F00C1B69F /* DefaultReuseIdentifier.swift */; };
		28CAA70222F7F94F00C1B69F /* STCarousel+ShouldChange.swift in Sources */ = {isa = PBXBuildFile; fileRef = 28CAA6D622F7F94F00C1B69F /* STCarousel+ShouldChange.swift */; };
		28CAA70422F7F94F00C1B69F /* URL+Parameters.swift in Sources */ = {isa = PBXBuildFile; fileRef = 28CAA6D922F7F94F00C1B69F /* URL+Parameters.swift */; };
		28CAA70522F7F94F00C1B69F /* UIViewController+Show.swift in Sources */ = {isa = PBXBuildFile; fileRef = 28CAA6DB22F7F94F00C1B69F /* UIViewController+Show.swift */; };
		28CAA70622F7F94F00C1B69F /* MKMapRect+BoundingBox.swift in Sources */ = {isa = PBXBuildFile; fileRef = 28CAA6DD22F7F94F00C1B69F /* MKMapRect+BoundingBox.swift */; };
		28CAA70722F7F94F00C1B69F /* MKMapRect+OverlapPercentage.swift in Sources */ = {isa = PBXBuildFile; fileRef = 28CAA6DE22F7F94F00C1B69F /* MKMapRect+OverlapPercentage.swift */; };
		28CAA70822F7F94F00C1B69F /* MKMapRect+Area.swift in Sources */ = {isa = PBXBuildFile; fileRef = 28CAA6DF22F7F94F00C1B69F /* MKMapRect+Area.swift */; };
		28CAA70922F7F94F00C1B69F /* MKMapRect+Tiles.swift in Sources */ = {isa = PBXBuildFile; fileRef = 28CAA6E022F7F94F00C1B69F /* MKMapRect+Tiles.swift */; };
		28CAA70A22F7F94F00C1B69F /* MKMapRect+SpiralTiles.swift in Sources */ = {isa = PBXBuildFile; fileRef = 28CAA6E122F7F94F00C1B69F /* MKMapRect+SpiralTiles.swift */; };
		28CAA70B22F7F94F00C1B69F /* MKMapRect+Coordinates.swift in Sources */ = {isa = PBXBuildFile; fileRef = 28CAA6E222F7F94F00C1B69F /* MKMapRect+Coordinates.swift */; };
		28CAA70C22F7F94F00C1B69F /* CLLocationCoordinate2D+Equatable.swift in Sources */ = {isa = PBXBuildFile; fileRef = 28CAA6E422F7F94F00C1B69F /* CLLocationCoordinate2D+Equatable.swift */; };
		28CAA70D22F7F94F00C1B69F /* CLLocationCoordinate2D+Distance.swift in Sources */ = {isa = PBXBuildFile; fileRef = 28CAA6E522F7F94F00C1B69F /* CLLocationCoordinate2D+Distance.swift */; };
		28CAA70E22F7F94F00C1B69F /* GeoJSONGeometry+ContainsLocation.swift in Sources */ = {isa = PBXBuildFile; fileRef = 28CAA6E722F7F94F00C1B69F /* GeoJSONGeometry+ContainsLocation.swift */; };
		28CAA70F22F7F94F00C1B69F /* String+Localized.swift in Sources */ = {isa = PBXBuildFile; fileRef = 28CAA6E922F7F94F00C1B69F /* String+Localized.swift */; };
		28CAA71222F7F94F00C1B69F /* MKPolygon+MapPoint.swift in Sources */ = {isa = PBXBuildFile; fileRef = 28CAA6EE22F7F94F00C1B69F /* MKPolygon+MapPoint.swift */; };
		28CAA73C22F7F99C00C1B69F /* GeoJSONBoundingBox.swift in Sources */ = {isa = PBXBuildFile; fileRef = 28CAA71522F7F99C00C1B69F /* GeoJSONBoundingBox.swift */; };
		28CAA73D22F7F99C00C1B69F /* GeoJSONParser.swift in Sources */ = {isa = PBXBuildFile; fileRef = 28CAA71722F7F99C00C1B69F /* GeoJSONParser.swift */; };
		28CAA73E22F7F99C00C1B69F /* GeoJSON.swift in Sources */ = {isa = PBXBuildFile; fileRef = 28CAA71822F7F99C00C1B69F /* GeoJSON.swift */; };
		28CAA73F22F7F99C00C1B69F /* GeoJSONType.swift in Sources */ = {isa = PBXBuildFile; fileRef = 28CAA71922F7F99C00C1B69F /* GeoJSONType.swift */; };
		28CAA74022F7F99C00C1B69F /* GeoJSONFeature.swift in Sources */ = {isa = PBXBuildFile; fileRef = 28CAA71B22F7F99C00C1B69F /* GeoJSONFeature.swift */; };
		28CAA74122F7F99C00C1B69F /* PhotoProperties.swift in Sources */ = {isa = PBXBuildFile; fileRef = 28CAA71D22F7F99C00C1B69F /* PhotoProperties.swift */; };
		28CAA74222F7F99C00C1B69F /* GeoJSONFeatureCollection.swift in Sources */ = {isa = PBXBuildFile; fileRef = 28CAA71E22F7F99C00C1B69F /* GeoJSONFeatureCollection.swift */; };
		28CAA74322F7F99C00C1B69F /* GeoJSONMultiLineString.swift in Sources */ = {isa = PBXBuildFile; fileRef = 28CAA72022F7F99C00C1B69F /* GeoJSONMultiLineString.swift */; };
		28CAA74422F7F99C00C1B69F /* GeoJSONMultiPoint.swift in Sources */ = {isa = PBXBuildFile; fileRef = 28CAA72122F7F99C00C1B69F /* GeoJSONMultiPoint.swift */; };
		28CAA74522F7F99C00C1B69F /* GeoJSONLineString.swift in Sources */ = {isa = PBXBuildFile; fileRef = 28CAA72222F7F99C00C1B69F /* GeoJSONLineString.swift */; };
		28CAA74622F7F99C00C1B69F /* GeoJSONPolygon.swift in Sources */ = {isa = PBXBuildFile; fileRef = 28CAA72322F7F99C00C1B69F /* GeoJSONPolygon.swift */; };
		28CAA74722F7F99C00C1B69F /* GeoJSONPoint.swift in Sources */ = {isa = PBXBuildFile; fileRef = 28CAA72422F7F99C00C1B69F /* GeoJSONPoint.swift */; };
		28CAA74822F7F99C00C1B69F /* GeoJSONMultiPolygon.swift in Sources */ = {isa = PBXBuildFile; fileRef = 28CAA72522F7F99C00C1B69F /* GeoJSONMultiPolygon.swift */; };
		28CAA74922F7F99C00C1B69F /* GeoJSONGeometryCollection.swift in Sources */ = {isa = PBXBuildFile; fileRef = 28CAA72622F7F99C00C1B69F /* GeoJSONGeometryCollection.swift */; };
		28CAA74A22F7F99C00C1B69F /* STLocation.swift in Sources */ = {isa = PBXBuildFile; fileRef = 28CAA72822F7F99C00C1B69F /* STLocation.swift */; };
		28CAA74B22F7F99C00C1B69F /* STUser.swift in Sources */ = {isa = PBXBuildFile; fileRef = 28CAA72A22F7F99C00C1B69F /* STUser.swift */; };
		28CAA74C22F7F99C00C1B69F /* STCarousel.swift in Sources */ = {isa = PBXBuildFile; fileRef = 28CAA72C22F7F99C00C1B69F /* STCarousel.swift */; };
		28CAA74D22F7F99C00C1B69F /* EntityLevel.swift in Sources */ = {isa = PBXBuildFile; fileRef = 28CAA72E22F7F99C00C1B69F /* EntityLevel.swift */; };
		28CAA74E22F7F99C00C1B69F /* GeoEntity.swift in Sources */ = {isa = PBXBuildFile; fileRef = 28CAA73022F7F99C00C1B69F /* GeoEntity.swift */; };
		28CAA74F22F7F99C00C1B69F /* GeoLabel.swift in Sources */ = {isa = PBXBuildFile; fileRef = 28CAA73122F7F99C00C1B69F /* GeoLabel.swift */; };
		28CAA75022F7F99C00C1B69F /* Parameters.swift in Sources */ = {isa = PBXBuildFile; fileRef = 28CAA73322F7F99C00C1B69F /* Parameters.swift */; };
		28CAA75122F7F99C00C1B69F /* Coordinate.swift in Sources */ = {isa = PBXBuildFile; fileRef = 28CAA73522F7F99C00C1B69F /* Coordinate.swift */; };
		28CAA75222F7F99C00C1B69F /* RepeatingTimer.swift in Sources */ = {isa = PBXBuildFile; fileRef = 28CAA73722F7F99C00C1B69F /* RepeatingTimer.swift */; };
		28CAA75322F7F99C00C1B69F /* STPhoto.swift in Sources */ = {isa = PBXBuildFile; fileRef = 28CAA73922F7F99C00C1B69F /* STPhoto.swift */; };
		28CAA75422F7F99C00C1B69F /* TileCoordinate.swift in Sources */ = {isa = PBXBuildFile; fileRef = 28CAA73B22F7F99C00C1B69F /* TileCoordinate.swift */; };
		28CAA75622F7FA1C00C1B69F /* STCarouselOverlay.swift in Sources */ = {isa = PBXBuildFile; fileRef = 28CAA75522F7FA1C00C1B69F /* STCarouselOverlay.swift */; };
		28CAA75822F7FA3300C1B69F /* STCarouselOverlayModel.swift in Sources */ = {isa = PBXBuildFile; fileRef = 28CAA75722F7FA3300C1B69F /* STCarouselOverlayModel.swift */; };
		28CAA77522F81D9200C1B69F /* Tokenizer.swift in Sources */ = {isa = PBXBuildFile; fileRef = 28CAA75C22F81D9200C1B69F /* Tokenizer.swift */; };
		28CAA77622F81D9200C1B69F /* WKTReader.swift in Sources */ = {isa = PBXBuildFile; fileRef = 28CAA75D22F81D9200C1B69F /* WKTReader.swift */; };
		28CAA77722F81D9200C1B69F /* GetGeojsonTileOperationRequestBuilder.swift in Sources */ = {isa = PBXBuildFile; fileRef = 28CAA76122F81D9200C1B69F /* GetGeojsonTileOperationRequestBuilder.swift */; };
		28CAA77822F81D9200C1B69F /* GetGeojsonTileOperationModel.swift in Sources */ = {isa = PBXBuildFile; fileRef = 28CAA76222F81D9200C1B69F /* GetGeojsonTileOperationModel.swift */; };
		28CAA77922F81D9200C1B69F /* GetGeojsonTileOperation.swift in Sources */ = {isa = PBXBuildFile; fileRef = 28CAA76322F81D9200C1B69F /* GetGeojsonTileOperation.swift */; };
		28CAA77C22F81D9200C1B69F /* GetGeoEntityRequestBuilder.swift in Sources */ = {isa = PBXBuildFile; fileRef = 28CAA76822F81D9200C1B69F /* GetGeoEntityRequestBuilder.swift */; };
		28CAA77D22F81D9200C1B69F /* GetGeoEntityOperation.swift in Sources */ = {isa = PBXBuildFile; fileRef = 28CAA76922F81D9200C1B69F /* GetGeoEntityOperation.swift */; };
		28CAA77E22F81D9200C1B69F /* GetGeoEntityOperationModel.swift in Sources */ = {isa = PBXBuildFile; fileRef = 28CAA76A22F81D9200C1B69F /* GetGeoEntityOperationModel.swift */; };
		28CAA77F22F81D9200C1B69F /* GetPhotoOperationModel.swift in Sources */ = {isa = PBXBuildFile; fileRef = 28CAA76D22F81D9200C1B69F /* GetPhotoOperationModel.swift */; };
		28CAA78022F81D9200C1B69F /* GetPhotoOperation.swift in Sources */ = {isa = PBXBuildFile; fileRef = 28CAA76E22F81D9200C1B69F /* GetPhotoOperation.swift */; };
		28CAA78122F81D9200C1B69F /* GetPhotoOperationRequestBuilder.swift in Sources */ = {isa = PBXBuildFile; fileRef = 28CAA76F22F81D9200C1B69F /* GetPhotoOperationRequestBuilder.swift */; };
		28CAA78222F81D9200C1B69F /* AsynchronousOperation.swift in Sources */ = {isa = PBXBuildFile; fileRef = 28CAA77222F81D9200C1B69F /* AsynchronousOperation.swift */; };
		28CAA78322F81D9200C1B69F /* OperationError.swift in Sources */ = {isa = PBXBuildFile; fileRef = 28CAA77422F81D9200C1B69F /* OperationError.swift */; };
		28CAA78622F824F600C1B69F /* Environment.swift in Sources */ = {isa = PBXBuildFile; fileRef = 28CAA78522F824F500C1B69F /* Environment.swift */; };
		28CAA78922F8257200C1B69F /* EndpointsBuilder.swift in Sources */ = {isa = PBXBuildFile; fileRef = 28CAA78822F8257200C1B69F /* EndpointsBuilder.swift */; };
		28E9303D22F88370001D5ADB /* STPhoto+ImageUrlOfSize.swift in Sources */ = {isa = PBXBuildFile; fileRef = 28E9303C22F88370001D5ADB /* STPhoto+ImageUrlOfSize.swift */; };
		3549BB501DA38A2000C63030 /* STPhotoCore.h in Headers */ = {isa = PBXBuildFile; fileRef = 3549BB181DA3890B00C63030 /* STPhotoCore.h */; settings = {ATTRIBUTES = (Public, ); }; };
		3549BB511DA38A2000C63030 /* STPhotoCore.h in Headers */ = {isa = PBXBuildFile; fileRef = 3549BB181DA3890B00C63030 /* STPhotoCore.h */; settings = {ATTRIBUTES = (Public, ); }; };
		3549BB521DA38A2100C63030 /* STPhotoCore.h in Headers */ = {isa = PBXBuildFile; fileRef = 3549BB181DA3890B00C63030 /* STPhotoCore.h */; settings = {ATTRIBUTES = (Public, ); }; };
		3549BB531DA38A2200C63030 /* STPhotoCore.h in Headers */ = {isa = PBXBuildFile; fileRef = 3549BB181DA3890B00C63030 /* STPhotoCore.h */; settings = {ATTRIBUTES = (Public, ); }; };
		3549BB661DA38ADB00C63030 /* STPhotoCore.framework in Frameworks */ = {isa = PBXBuildFile; fileRef = 3549BB211DA389CD00C63030 /* STPhotoCore.framework */; };
		3549BB751DA38AEF00C63030 /* STPhotoCore.framework in Frameworks */ = {isa = PBXBuildFile; fileRef = 3549BB481DA389F300C63030 /* STPhotoCore.framework */; };
		3549BB841DA38B0000C63030 /* STPhotoCore.framework in Frameworks */ = {isa = PBXBuildFile; fileRef = 3549BB3B1DA389E800C63030 /* STPhotoCore.framework */; };
		3549BB8B1DA38C0A00C63030 /* STPhotoCoreTests.swift in Sources */ = {isa = PBXBuildFile; fileRef = 3549BB8A1DA38C0A00C63030 /* STPhotoCoreTests.swift */; };
		3549BB8C1DA38C0A00C63030 /* STPhotoCoreTests.swift in Sources */ = {isa = PBXBuildFile; fileRef = 3549BB8A1DA38C0A00C63030 /* STPhotoCoreTests.swift */; };
		3549BB8D1DA38C0A00C63030 /* STPhotoCoreTests.swift in Sources */ = {isa = PBXBuildFile; fileRef = 3549BB8A1DA38C0A00C63030 /* STPhotoCoreTests.swift */; };
		359649031FB18CC000FC7ADC /* STPhotoCore.swift in Sources */ = {isa = PBXBuildFile; fileRef = 359649021FB18CBF00FC7ADC /* STPhotoCore.swift */; };
		359649041FB18CC000FC7ADC /* STPhotoCore.swift in Sources */ = {isa = PBXBuildFile; fileRef = 359649021FB18CBF00FC7ADC /* STPhotoCore.swift */; };
		359649051FB18CC000FC7ADC /* STPhotoCore.swift in Sources */ = {isa = PBXBuildFile; fileRef = 359649021FB18CBF00FC7ADC /* STPhotoCore.swift */; };
		359649061FB18CC000FC7ADC /* STPhotoCore.swift in Sources */ = {isa = PBXBuildFile; fileRef = 359649021FB18CBF00FC7ADC /* STPhotoCore.swift */; };
/* End PBXBuildFile section */

/* Begin PBXContainerItemProxy section */
		3549BB671DA38ADB00C63030 /* PBXContainerItemProxy */ = {
			isa = PBXContainerItemProxy;
			containerPortal = 3549BAFC1DA387DB00C63030 /* Project object */;
			proxyType = 1;
			remoteGlobalIDString = 3549BB201DA389CD00C63030;
			remoteInfo = "STPhotoCore-iOS";
		};
		3549BB761DA38AEF00C63030 /* PBXContainerItemProxy */ = {
			isa = PBXContainerItemProxy;
			containerPortal = 3549BAFC1DA387DB00C63030 /* Project object */;
			proxyType = 1;
			remoteGlobalIDString = 3549BB471DA389F300C63030;
			remoteInfo = "STPhotoCore-tvOS";
		};
		3549BB851DA38B0000C63030 /* PBXContainerItemProxy */ = {
			isa = PBXContainerItemProxy;
			containerPortal = 3549BAFC1DA387DB00C63030 /* Project object */;
			proxyType = 1;
			remoteGlobalIDString = 3549BB3A1DA389E800C63030;
			remoteInfo = "STPhotoCore-macOS";
		};
/* End PBXContainerItemProxy section */

/* Begin PBXFileReference section */
		28CAA6B822F7F94F00C1B69F /* MKPolyline+MapPoint.swift */ = {isa = PBXFileReference; fileEncoding = 4; lastKnownFileType = sourcecode.swift; path = "MKPolyline+MapPoint.swift"; sourceTree = "<group>"; };
		28CAA6BA22F7F94F00C1B69F /* EntityLevel+CoordinateSpan.swift */ = {isa = PBXFileReference; fileEncoding = 4; lastKnownFileType = sourcecode.swift; path = "EntityLevel+CoordinateSpan.swift"; sourceTree = "<group>"; };
		28CAA6BC22F7F94F00C1B69F /* DateFormatter+ISO8601.swift */ = {isa = PBXFileReference; fileEncoding = 4; lastKnownFileType = sourcecode.swift; path = "DateFormatter+ISO8601.swift"; sourceTree = "<group>"; };
		28CAA6BE22F7F94F00C1B69F /* MKMapView+OuterTiles.swift */ = {isa = PBXFileReference; fileEncoding = 4; lastKnownFileType = sourcecode.swift; path = "MKMapView+OuterTiles.swift"; sourceTree = "<group>"; };
		28CAA6BF22F7F94F00C1B69F /* MKMapView+ZoomLevel.swift */ = {isa = PBXFileReference; fileEncoding = 4; lastKnownFileType = sourcecode.swift; path = "MKMapView+ZoomLevel.swift"; sourceTree = "<group>"; };
		28CAA6C022F7F94F00C1B69F /* MKMapView+BoundingBox.swift */ = {isa = PBXFileReference; fileEncoding = 4; lastKnownFileType = sourcecode.swift; path = "MKMapView+BoundingBox.swift"; sourceTree = "<group>"; };
		28CAA6C122F7F94F00C1B69F /* MKMapView+VisibleTiles.swift */ = {isa = PBXFileReference; fileEncoding = 4; lastKnownFileType = sourcecode.swift; path = "MKMapView+VisibleTiles.swift"; sourceTree = "<group>"; };
		28CAA6C322F7F94F00C1B69F /* Array+Tail.swift */ = {isa = PBXFileReference; fileEncoding = 4; lastKnownFileType = sourcecode.swift; path = "Array+Tail.swift"; sourceTree = "<group>"; };
		28CAA6C422F7F94F00C1B69F /* Array+FeatureAtLocation.swift */ = {isa = PBXFileReference; fileEncoding = 4; lastKnownFileType = sourcecode.swift; path = "Array+FeatureAtLocation.swift"; sourceTree = "<group>"; };
		28CAA6C522F7F94F00C1B69F /* Array+Synchronized.swift */ = {isa = PBXFileReference; fileEncoding = 4; lastKnownFileType = sourcecode.swift; path = "Array+Synchronized.swift"; sourceTree = "<group>"; };
		28CAA6C622F7F94F00C1B69F /* Array+BestFeature.swift */ = {isa = PBXFileReference; fileEncoding = 4; lastKnownFileType = sourcecode.swift; path = "Array+BestFeature.swift"; sourceTree = "<group>"; };
		28CAA6C822F7F94F00C1B69F /* GeoJSONFeature+ContainsLocation.swift */ = {isa = PBXFileReference; fileEncoding = 4; lastKnownFileType = sourcecode.swift; path = "GeoJSONFeature+ContainsLocation.swift"; sourceTree = "<group>"; };
		28CAA6C922F7F94F00C1B69F /* GeoJSONFeature+EntityLevel.swift */ = {isa = PBXFileReference; fileEncoding = 4; lastKnownFileType = sourcecode.swift; path = "GeoJSONFeature+EntityLevel.swift"; sourceTree = "<group>"; };
		28CAA6CB22F7F94F00C1B69F /* MKTileOverlayPath+Subtiles.swift */ = {isa = PBXFileReference; fileEncoding = 4; lastKnownFileType = sourcecode.swift; path = "MKTileOverlayPath+Subtiles.swift"; sourceTree = "<group>"; };
		28CAA6CD22F7F94F00C1B69F /* GeoJSONObject+EntityLevel.swift */ = {isa = PBXFileReference; fileEncoding = 4; lastKnownFileType = sourcecode.swift; path = "GeoJSONObject+EntityLevel.swift"; sourceTree = "<group>"; };
		28CAA6CE22F7F94F00C1B69F /* GeoJSONObject+Features.swift */ = {isa = PBXFileReference; fileEncoding = 4; lastKnownFileType = sourcecode.swift; path = "GeoJSONObject+Features.swift"; sourceTree = "<group>"; };
		28CAA6D022F7F94F00C1B69F /* MKClusterAnnotation+SameCoordinate.swift */ = {isa = PBXFileReference; fileEncoding = 4; lastKnownFileType = sourcecode.swift; path = "MKClusterAnnotation+SameCoordinate.swift"; sourceTree = "<group>"; };
		28CAA6D222F7F94F00C1B69F /* DefaultReuseIdentifier.swift */ = {isa = PBXFileReference; fileEncoding = 4; lastKnownFileType = sourcecode.swift; path = DefaultReuseIdentifier.swift; sourceTree = "<group>"; };
		28CAA6D622F7F94F00C1B69F /* STCarousel+ShouldChange.swift */ = {isa = PBXFileReference; fileEncoding = 4; lastKnownFileType = sourcecode.swift; path = "STCarousel+ShouldChange.swift"; sourceTree = "<group>"; };
		28CAA6D922F7F94F00C1B69F /* URL+Parameters.swift */ = {isa = PBXFileReference; fileEncoding = 4; lastKnownFileType = sourcecode.swift; path = "URL+Parameters.swift"; sourceTree = "<group>"; };
		28CAA6DB22F7F94F00C1B69F /* UIViewController+Show.swift */ = {isa = PBXFileReference; fileEncoding = 4; lastKnownFileType = sourcecode.swift; path = "UIViewController+Show.swift"; sourceTree = "<group>"; };
		28CAA6DD22F7F94F00C1B69F /* MKMapRect+BoundingBox.swift */ = {isa = PBXFileReference; fileEncoding = 4; lastKnownFileType = sourcecode.swift; path = "MKMapRect+BoundingBox.swift"; sourceTree = "<group>"; };
		28CAA6DE22F7F94F00C1B69F /* MKMapRect+OverlapPercentage.swift */ = {isa = PBXFileReference; fileEncoding = 4; lastKnownFileType = sourcecode.swift; path = "MKMapRect+OverlapPercentage.swift"; sourceTree = "<group>"; };
		28CAA6DF22F7F94F00C1B69F /* MKMapRect+Area.swift */ = {isa = PBXFileReference; fileEncoding = 4; lastKnownFileType = sourcecode.swift; path = "MKMapRect+Area.swift"; sourceTree = "<group>"; };
		28CAA6E022F7F94F00C1B69F /* MKMapRect+Tiles.swift */ = {isa = PBXFileReference; fileEncoding = 4; lastKnownFileType = sourcecode.swift; path = "MKMapRect+Tiles.swift"; sourceTree = "<group>"; };
		28CAA6E122F7F94F00C1B69F /* MKMapRect+SpiralTiles.swift */ = {isa = PBXFileReference; fileEncoding = 4; lastKnownFileType = sourcecode.swift; path = "MKMapRect+SpiralTiles.swift"; sourceTree = "<group>"; };
		28CAA6E222F7F94F00C1B69F /* MKMapRect+Coordinates.swift */ = {isa = PBXFileReference; fileEncoding = 4; lastKnownFileType = sourcecode.swift; path = "MKMapRect+Coordinates.swift"; sourceTree = "<group>"; };
		28CAA6E422F7F94F00C1B69F /* CLLocationCoordinate2D+Equatable.swift */ = {isa = PBXFileReference; fileEncoding = 4; lastKnownFileType = sourcecode.swift; path = "CLLocationCoordinate2D+Equatable.swift"; sourceTree = "<group>"; };
		28CAA6E522F7F94F00C1B69F /* CLLocationCoordinate2D+Distance.swift */ = {isa = PBXFileReference; fileEncoding = 4; lastKnownFileType = sourcecode.swift; path = "CLLocationCoordinate2D+Distance.swift"; sourceTree = "<group>"; };
		28CAA6E722F7F94F00C1B69F /* GeoJSONGeometry+ContainsLocation.swift */ = {isa = PBXFileReference; fileEncoding = 4; lastKnownFileType = sourcecode.swift; path = "GeoJSONGeometry+ContainsLocation.swift"; sourceTree = "<group>"; };
		28CAA6E922F7F94F00C1B69F /* String+Localized.swift */ = {isa = PBXFileReference; fileEncoding = 4; lastKnownFileType = sourcecode.swift; path = "String+Localized.swift"; sourceTree = "<group>"; };
		28CAA6EE22F7F94F00C1B69F /* MKPolygon+MapPoint.swift */ = {isa = PBXFileReference; fileEncoding = 4; lastKnownFileType = sourcecode.swift; path = "MKPolygon+MapPoint.swift"; sourceTree = "<group>"; };
		28CAA71522F7F99C00C1B69F /* GeoJSONBoundingBox.swift */ = {isa = PBXFileReference; fileEncoding = 4; lastKnownFileType = sourcecode.swift; path = GeoJSONBoundingBox.swift; sourceTree = "<group>"; };
		28CAA71722F7F99C00C1B69F /* GeoJSONParser.swift */ = {isa = PBXFileReference; fileEncoding = 4; lastKnownFileType = sourcecode.swift; path = GeoJSONParser.swift; sourceTree = "<group>"; };
		28CAA71822F7F99C00C1B69F /* GeoJSON.swift */ = {isa = PBXFileReference; fileEncoding = 4; lastKnownFileType = sourcecode.swift; path = GeoJSON.swift; sourceTree = "<group>"; };
		28CAA71922F7F99C00C1B69F /* GeoJSONType.swift */ = {isa = PBXFileReference; fileEncoding = 4; lastKnownFileType = sourcecode.swift; path = GeoJSONType.swift; sourceTree = "<group>"; };
		28CAA71B22F7F99C00C1B69F /* GeoJSONFeature.swift */ = {isa = PBXFileReference; fileEncoding = 4; lastKnownFileType = sourcecode.swift; path = GeoJSONFeature.swift; sourceTree = "<group>"; };
		28CAA71D22F7F99C00C1B69F /* PhotoProperties.swift */ = {isa = PBXFileReference; fileEncoding = 4; lastKnownFileType = sourcecode.swift; path = PhotoProperties.swift; sourceTree = "<group>"; };
		28CAA71E22F7F99C00C1B69F /* GeoJSONFeatureCollection.swift */ = {isa = PBXFileReference; fileEncoding = 4; lastKnownFileType = sourcecode.swift; path = GeoJSONFeatureCollection.swift; sourceTree = "<group>"; };
		28CAA72022F7F99C00C1B69F /* GeoJSONMultiLineString.swift */ = {isa = PBXFileReference; fileEncoding = 4; lastKnownFileType = sourcecode.swift; path = GeoJSONMultiLineString.swift; sourceTree = "<group>"; };
		28CAA72122F7F99C00C1B69F /* GeoJSONMultiPoint.swift */ = {isa = PBXFileReference; fileEncoding = 4; lastKnownFileType = sourcecode.swift; path = GeoJSONMultiPoint.swift; sourceTree = "<group>"; };
		28CAA72222F7F99C00C1B69F /* GeoJSONLineString.swift */ = {isa = PBXFileReference; fileEncoding = 4; lastKnownFileType = sourcecode.swift; path = GeoJSONLineString.swift; sourceTree = "<group>"; };
		28CAA72322F7F99C00C1B69F /* GeoJSONPolygon.swift */ = {isa = PBXFileReference; fileEncoding = 4; lastKnownFileType = sourcecode.swift; path = GeoJSONPolygon.swift; sourceTree = "<group>"; };
		28CAA72422F7F99C00C1B69F /* GeoJSONPoint.swift */ = {isa = PBXFileReference; fileEncoding = 4; lastKnownFileType = sourcecode.swift; path = GeoJSONPoint.swift; sourceTree = "<group>"; };
		28CAA72522F7F99C00C1B69F /* GeoJSONMultiPolygon.swift */ = {isa = PBXFileReference; fileEncoding = 4; lastKnownFileType = sourcecode.swift; path = GeoJSONMultiPolygon.swift; sourceTree = "<group>"; };
		28CAA72622F7F99C00C1B69F /* GeoJSONGeometryCollection.swift */ = {isa = PBXFileReference; fileEncoding = 4; lastKnownFileType = sourcecode.swift; path = GeoJSONGeometryCollection.swift; sourceTree = "<group>"; };
		28CAA72822F7F99C00C1B69F /* STLocation.swift */ = {isa = PBXFileReference; fileEncoding = 4; lastKnownFileType = sourcecode.swift; path = STLocation.swift; sourceTree = "<group>"; };
		28CAA72A22F7F99C00C1B69F /* STUser.swift */ = {isa = PBXFileReference; fileEncoding = 4; lastKnownFileType = sourcecode.swift; path = STUser.swift; sourceTree = "<group>"; };
		28CAA72C22F7F99C00C1B69F /* STCarousel.swift */ = {isa = PBXFileReference; fileEncoding = 4; lastKnownFileType = sourcecode.swift; path = STCarousel.swift; sourceTree = "<group>"; };
		28CAA72E22F7F99C00C1B69F /* EntityLevel.swift */ = {isa = PBXFileReference; fileEncoding = 4; lastKnownFileType = sourcecode.swift; path = EntityLevel.swift; sourceTree = "<group>"; };
		28CAA73022F7F99C00C1B69F /* GeoEntity.swift */ = {isa = PBXFileReference; fileEncoding = 4; lastKnownFileType = sourcecode.swift; path = GeoEntity.swift; sourceTree = "<group>"; };
		28CAA73122F7F99C00C1B69F /* GeoLabel.swift */ = {isa = PBXFileReference; fileEncoding = 4; lastKnownFileType = sourcecode.swift; path = GeoLabel.swift; sourceTree = "<group>"; };
		28CAA73322F7F99C00C1B69F /* Parameters.swift */ = {isa = PBXFileReference; fileEncoding = 4; lastKnownFileType = sourcecode.swift; path = Parameters.swift; sourceTree = "<group>"; };
		28CAA73522F7F99C00C1B69F /* Coordinate.swift */ = {isa = PBXFileReference; fileEncoding = 4; lastKnownFileType = sourcecode.swift; path = Coordinate.swift; sourceTree = "<group>"; };
		28CAA73722F7F99C00C1B69F /* RepeatingTimer.swift */ = {isa = PBXFileReference; fileEncoding = 4; lastKnownFileType = sourcecode.swift; path = RepeatingTimer.swift; sourceTree = "<group>"; };
		28CAA73922F7F99C00C1B69F /* STPhoto.swift */ = {isa = PBXFileReference; fileEncoding = 4; lastKnownFileType = sourcecode.swift; path = STPhoto.swift; sourceTree = "<group>"; };
		28CAA73B22F7F99C00C1B69F /* TileCoordinate.swift */ = {isa = PBXFileReference; fileEncoding = 4; lastKnownFileType = sourcecode.swift; path = TileCoordinate.swift; sourceTree = "<group>"; };
		28CAA75522F7FA1C00C1B69F /* STCarouselOverlay.swift */ = {isa = PBXFileReference; lastKnownFileType = sourcecode.swift; path = STCarouselOverlay.swift; sourceTree = "<group>"; };
		28CAA75722F7FA3300C1B69F /* STCarouselOverlayModel.swift */ = {isa = PBXFileReference; lastKnownFileType = sourcecode.swift; path = STCarouselOverlayModel.swift; sourceTree = "<group>"; };
		28CAA75C22F81D9200C1B69F /* Tokenizer.swift */ = {isa = PBXFileReference; fileEncoding = 4; lastKnownFileType = sourcecode.swift; path = Tokenizer.swift; sourceTree = "<group>"; };
		28CAA75D22F81D9200C1B69F /* WKTReader.swift */ = {isa = PBXFileReference; fileEncoding = 4; lastKnownFileType = sourcecode.swift; path = WKTReader.swift; sourceTree = "<group>"; };
		28CAA76122F81D9200C1B69F /* GetGeojsonTileOperationRequestBuilder.swift */ = {isa = PBXFileReference; fileEncoding = 4; lastKnownFileType = sourcecode.swift; path = GetGeojsonTileOperationRequestBuilder.swift; sourceTree = "<group>"; };
		28CAA76222F81D9200C1B69F /* GetGeojsonTileOperationModel.swift */ = {isa = PBXFileReference; fileEncoding = 4; lastKnownFileType = sourcecode.swift; path = GetGeojsonTileOperationModel.swift; sourceTree = "<group>"; };
		28CAA76322F81D9200C1B69F /* GetGeojsonTileOperation.swift */ = {isa = PBXFileReference; fileEncoding = 4; lastKnownFileType = sourcecode.swift; path = GetGeojsonTileOperation.swift; sourceTree = "<group>"; };
		28CAA76822F81D9200C1B69F /* GetGeoEntityRequestBuilder.swift */ = {isa = PBXFileReference; fileEncoding = 4; lastKnownFileType = sourcecode.swift; path = GetGeoEntityRequestBuilder.swift; sourceTree = "<group>"; };
		28CAA76922F81D9200C1B69F /* GetGeoEntityOperation.swift */ = {isa = PBXFileReference; fileEncoding = 4; lastKnownFileType = sourcecode.swift; path = GetGeoEntityOperation.swift; sourceTree = "<group>"; };
		28CAA76A22F81D9200C1B69F /* GetGeoEntityOperationModel.swift */ = {isa = PBXFileReference; fileEncoding = 4; lastKnownFileType = sourcecode.swift; path = GetGeoEntityOperationModel.swift; sourceTree = "<group>"; };
		28CAA76D22F81D9200C1B69F /* GetPhotoOperationModel.swift */ = {isa = PBXFileReference; fileEncoding = 4; lastKnownFileType = sourcecode.swift; path = GetPhotoOperationModel.swift; sourceTree = "<group>"; };
		28CAA76E22F81D9200C1B69F /* GetPhotoOperation.swift */ = {isa = PBXFileReference; fileEncoding = 4; lastKnownFileType = sourcecode.swift; path = GetPhotoOperation.swift; sourceTree = "<group>"; };
		28CAA76F22F81D9200C1B69F /* GetPhotoOperationRequestBuilder.swift */ = {isa = PBXFileReference; fileEncoding = 4; lastKnownFileType = sourcecode.swift; path = GetPhotoOperationRequestBuilder.swift; sourceTree = "<group>"; };
		28CAA77222F81D9200C1B69F /* AsynchronousOperation.swift */ = {isa = PBXFileReference; fileEncoding = 4; lastKnownFileType = sourcecode.swift; path = AsynchronousOperation.swift; sourceTree = "<group>"; };
		28CAA77422F81D9200C1B69F /* OperationError.swift */ = {isa = PBXFileReference; fileEncoding = 4; lastKnownFileType = sourcecode.swift; path = OperationError.swift; sourceTree = "<group>"; };
		28CAA78522F824F500C1B69F /* Environment.swift */ = {isa = PBXFileReference; fileEncoding = 4; lastKnownFileType = sourcecode.swift; path = Environment.swift; sourceTree = "<group>"; };
		28CAA78822F8257200C1B69F /* EndpointsBuilder.swift */ = {isa = PBXFileReference; lastKnownFileType = sourcecode.swift; path = EndpointsBuilder.swift; sourceTree = "<group>"; };
		28E9303C22F88370001D5ADB /* STPhoto+ImageUrlOfSize.swift */ = {isa = PBXFileReference; lastKnownFileType = sourcecode.swift; path = "STPhoto+ImageUrlOfSize.swift"; sourceTree = "<group>"; };
		3549BB171DA3890B00C63030 /* Info.plist */ = {isa = PBXFileReference; fileEncoding = 4; lastKnownFileType = text.plist.xml; path = Info.plist; sourceTree = "<group>"; };
		3549BB181DA3890B00C63030 /* STPhotoCore.h */ = {isa = PBXFileReference; fileEncoding = 4; lastKnownFileType = sourcecode.c.h; path = STPhotoCore.h; sourceTree = "<group>"; };
		3549BB211DA389CD00C63030 /* STPhotoCore.framework */ = {isa = PBXFileReference; explicitFileType = wrapper.framework; includeInIndex = 0; path = STPhotoCore.framework; sourceTree = BUILT_PRODUCTS_DIR; };
		3549BB2E1DA389DB00C63030 /* STPhotoCore.framework */ = {isa = PBXFileReference; explicitFileType = wrapper.framework; includeInIndex = 0; path = STPhotoCore.framework; sourceTree = BUILT_PRODUCTS_DIR; };
		3549BB3B1DA389E800C63030 /* STPhotoCore.framework */ = {isa = PBXFileReference; explicitFileType = wrapper.framework; includeInIndex = 0; path = STPhotoCore.framework; sourceTree = BUILT_PRODUCTS_DIR; };
		3549BB481DA389F300C63030 /* STPhotoCore.framework */ = {isa = PBXFileReference; explicitFileType = wrapper.framework; includeInIndex = 0; path = STPhotoCore.framework; sourceTree = BUILT_PRODUCTS_DIR; };
		3549BB551DA38A5E00C63030 /* Info-tvOS.plist */ = {isa = PBXFileReference; fileEncoding = 4; lastKnownFileType = text.plist.xml; path = "Info-tvOS.plist"; sourceTree = "<group>"; };
		3549BB571DA38A8800C63030 /* Info-tvOS.plist */ = {isa = PBXFileReference; fileEncoding = 4; lastKnownFileType = text.plist.xml; path = "Info-tvOS.plist"; sourceTree = "<group>"; };
		3549BB581DA38A8800C63030 /* Info.plist */ = {isa = PBXFileReference; fileEncoding = 4; lastKnownFileType = text.plist.xml; path = Info.plist; sourceTree = "<group>"; };
		3549BB611DA38ADB00C63030 /* STPhotoCoreTests-iOS.xctest */ = {isa = PBXFileReference; explicitFileType = wrapper.cfbundle; includeInIndex = 0; path = "STPhotoCoreTests-iOS.xctest"; sourceTree = BUILT_PRODUCTS_DIR; };
		3549BB701DA38AEF00C63030 /* STPhotoCoreTests-tvOS.xctest */ = {isa = PBXFileReference; explicitFileType = wrapper.cfbundle; includeInIndex = 0; path = "STPhotoCoreTests-tvOS.xctest"; sourceTree = BUILT_PRODUCTS_DIR; };
		3549BB7F1DA38B0000C63030 /* STPhotoCoreTests-macOS.xctest */ = {isa = PBXFileReference; explicitFileType = wrapper.cfbundle; includeInIndex = 0; path = "STPhotoCoreTests-macOS.xctest"; sourceTree = BUILT_PRODUCTS_DIR; };
		3549BB8A1DA38C0A00C63030 /* STPhotoCoreTests.swift */ = {isa = PBXFileReference; fileEncoding = 4; lastKnownFileType = sourcecode.swift; path = STPhotoCoreTests.swift; sourceTree = "<group>"; };
		359649021FB18CBF00FC7ADC /* STPhotoCore.swift */ = {isa = PBXFileReference; fileEncoding = 4; lastKnownFileType = sourcecode.swift; path = STPhotoCore.swift; sourceTree = "<group>"; };
/* End PBXFileReference section */

/* Begin PBXFrameworksBuildPhase section */
		3549BB1D1DA389CD00C63030 /* Frameworks */ = {
			isa = PBXFrameworksBuildPhase;
			buildActionMask = 2147483647;
			files = (
			);
			runOnlyForDeploymentPostprocessing = 0;
		};
		3549BB2A1DA389DB00C63030 /* Frameworks */ = {
			isa = PBXFrameworksBuildPhase;
			buildActionMask = 2147483647;
			files = (
			);
			runOnlyForDeploymentPostprocessing = 0;
		};
		3549BB371DA389E800C63030 /* Frameworks */ = {
			isa = PBXFrameworksBuildPhase;
			buildActionMask = 2147483647;
			files = (
			);
			runOnlyForDeploymentPostprocessing = 0;
		};
		3549BB441DA389F300C63030 /* Frameworks */ = {
			isa = PBXFrameworksBuildPhase;
			buildActionMask = 2147483647;
			files = (
			);
			runOnlyForDeploymentPostprocessing = 0;
		};
		3549BB5E1DA38ADB00C63030 /* Frameworks */ = {
			isa = PBXFrameworksBuildPhase;
			buildActionMask = 2147483647;
			files = (
				3549BB661DA38ADB00C63030 /* STPhotoCore.framework in Frameworks */,
			);
			runOnlyForDeploymentPostprocessing = 0;
		};
		3549BB6D1DA38AEF00C63030 /* Frameworks */ = {
			isa = PBXFrameworksBuildPhase;
			buildActionMask = 2147483647;
			files = (
				3549BB751DA38AEF00C63030 /* STPhotoCore.framework in Frameworks */,
			);
			runOnlyForDeploymentPostprocessing = 0;
		};
		3549BB7C1DA38B0000C63030 /* Frameworks */ = {
			isa = PBXFrameworksBuildPhase;
			buildActionMask = 2147483647;
			files = (
				3549BB841DA38B0000C63030 /* STPhotoCore.framework in Frameworks */,
			);
			runOnlyForDeploymentPostprocessing = 0;
		};
/* End PBXFrameworksBuildPhase section */

/* Begin PBXGroup section */
		28CAA6B622F7F94F00C1B69F /* Extensions */ = {
			isa = PBXGroup;
			children = (
				28E9303B22F8835C001D5ADB /* STPhoto */,
				28CAA6B722F7F94F00C1B69F /* MKPolyline */,
				28CAA6B922F7F94F00C1B69F /* EntityLevel */,
				28CAA6BB22F7F94F00C1B69F /* DateFormatter */,
				28CAA6BD22F7F94F00C1B69F /* MKMapView */,
				28CAA6C222F7F94F00C1B69F /* Array */,
				28CAA6C722F7F94F00C1B69F /* GeoJSONFeature */,
				28CAA6CA22F7F94F00C1B69F /* MKTileOverlayPath */,
				28CAA6CC22F7F94F00C1B69F /* GeoJSONObject */,
				28CAA6CF22F7F94F00C1B69F /* MKClusterAnnotation */,
				28CAA6D122F7F94F00C1B69F /* Default Reuse Identifier */,
				28CAA6D522F7F94F00C1B69F /* Carousel */,
				28CAA6D722F7F94F00C1B69F /* URL */,
				28CAA6DA22F7F94F00C1B69F /* UIViewController */,
				28CAA6DC22F7F94F00C1B69F /* MKMapRect */,
				28CAA6E322F7F94F00C1B69F /* CLLocationCoordinate2D */,
				28CAA6E622F7F94F00C1B69F /* GeoJSONGeometry */,
				28CAA6E822F7F94F00C1B69F /* String */,
				28CAA6ED22F7F94F00C1B69F /* MKPolygon */,
			);
			path = Extensions;
			sourceTree = "<group>";
		};
		28CAA6B722F7F94F00C1B69F /* MKPolyline */ = {
			isa = PBXGroup;
			children = (
				28CAA6B822F7F94F00C1B69F /* MKPolyline+MapPoint.swift */,
			);
			path = MKPolyline;
			sourceTree = "<group>";
		};
		28CAA6B922F7F94F00C1B69F /* EntityLevel */ = {
			isa = PBXGroup;
			children = (
				28CAA6BA22F7F94F00C1B69F /* EntityLevel+CoordinateSpan.swift */,
			);
			path = EntityLevel;
			sourceTree = "<group>";
		};
		28CAA6BB22F7F94F00C1B69F /* DateFormatter */ = {
			isa = PBXGroup;
			children = (
				28CAA6BC22F7F94F00C1B69F /* DateFormatter+ISO8601.swift */,
			);
			path = DateFormatter;
			sourceTree = "<group>";
		};
		28CAA6BD22F7F94F00C1B69F /* MKMapView */ = {
			isa = PBXGroup;
			children = (
				28CAA6BE22F7F94F00C1B69F /* MKMapView+OuterTiles.swift */,
				28CAA6BF22F7F94F00C1B69F /* MKMapView+ZoomLevel.swift */,
				28CAA6C022F7F94F00C1B69F /* MKMapView+BoundingBox.swift */,
				28CAA6C122F7F94F00C1B69F /* MKMapView+VisibleTiles.swift */,
			);
			path = MKMapView;
			sourceTree = "<group>";
		};
		28CAA6C222F7F94F00C1B69F /* Array */ = {
			isa = PBXGroup;
			children = (
				28CAA6C322F7F94F00C1B69F /* Array+Tail.swift */,
				28CAA6C422F7F94F00C1B69F /* Array+FeatureAtLocation.swift */,
				28CAA6C522F7F94F00C1B69F /* Array+Synchronized.swift */,
				28CAA6C622F7F94F00C1B69F /* Array+BestFeature.swift */,
			);
			path = Array;
			sourceTree = "<group>";
		};
		28CAA6C722F7F94F00C1B69F /* GeoJSONFeature */ = {
			isa = PBXGroup;
			children = (
				28CAA6C822F7F94F00C1B69F /* GeoJSONFeature+ContainsLocation.swift */,
				28CAA6C922F7F94F00C1B69F /* GeoJSONFeature+EntityLevel.swift */,
			);
			path = GeoJSONFeature;
			sourceTree = "<group>";
		};
		28CAA6CA22F7F94F00C1B69F /* MKTileOverlayPath */ = {
			isa = PBXGroup;
			children = (
				28CAA6CB22F7F94F00C1B69F /* MKTileOverlayPath+Subtiles.swift */,
			);
			path = MKTileOverlayPath;
			sourceTree = "<group>";
		};
		28CAA6CC22F7F94F00C1B69F /* GeoJSONObject */ = {
			isa = PBXGroup;
			children = (
				28CAA6CD22F7F94F00C1B69F /* GeoJSONObject+EntityLevel.swift */,
				28CAA6CE22F7F94F00C1B69F /* GeoJSONObject+Features.swift */,
			);
			path = GeoJSONObject;
			sourceTree = "<group>";
		};
		28CAA6CF22F7F94F00C1B69F /* MKClusterAnnotation */ = {
			isa = PBXGroup;
			children = (
				28CAA6D022F7F94F00C1B69F /* MKClusterAnnotation+SameCoordinate.swift */,
			);
			path = MKClusterAnnotation;
			sourceTree = "<group>";
		};
		28CAA6D122F7F94F00C1B69F /* Default Reuse Identifier */ = {
			isa = PBXGroup;
			children = (
				28CAA6D222F7F94F00C1B69F /* DefaultReuseIdentifier.swift */,
			);
			path = "Default Reuse Identifier";
			sourceTree = "<group>";
		};
		28CAA6D522F7F94F00C1B69F /* Carousel */ = {
			isa = PBXGroup;
			children = (
				28CAA6D622F7F94F00C1B69F /* STCarousel+ShouldChange.swift */,
			);
			path = Carousel;
			sourceTree = "<group>";
		};
		28CAA6D722F7F94F00C1B69F /* URL */ = {
			isa = PBXGroup;
			children = (
				28CAA6D922F7F94F00C1B69F /* URL+Parameters.swift */,
			);
			path = URL;
			sourceTree = "<group>";
		};
		28CAA6DA22F7F94F00C1B69F /* UIViewController */ = {
			isa = PBXGroup;
			children = (
				28CAA6DB22F7F94F00C1B69F /* UIViewController+Show.swift */,
			);
			path = UIViewController;
			sourceTree = "<group>";
		};
		28CAA6DC22F7F94F00C1B69F /* MKMapRect */ = {
			isa = PBXGroup;
			children = (
				28CAA6DD22F7F94F00C1B69F /* MKMapRect+BoundingBox.swift */,
				28CAA6DE22F7F94F00C1B69F /* MKMapRect+OverlapPercentage.swift */,
				28CAA6DF22F7F94F00C1B69F /* MKMapRect+Area.swift */,
				28CAA6E022F7F94F00C1B69F /* MKMapRect+Tiles.swift */,
				28CAA6E122F7F94F00C1B69F /* MKMapRect+SpiralTiles.swift */,
				28CAA6E222F7F94F00C1B69F /* MKMapRect+Coordinates.swift */,
			);
			path = MKMapRect;
			sourceTree = "<group>";
		};
		28CAA6E322F7F94F00C1B69F /* CLLocationCoordinate2D */ = {
			isa = PBXGroup;
			children = (
				28CAA6E422F7F94F00C1B69F /* CLLocationCoordinate2D+Equatable.swift */,
				28CAA6E522F7F94F00C1B69F /* CLLocationCoordinate2D+Distance.swift */,
			);
			path = CLLocationCoordinate2D;
			sourceTree = "<group>";
		};
		28CAA6E622F7F94F00C1B69F /* GeoJSONGeometry */ = {
			isa = PBXGroup;
			children = (
				28CAA6E722F7F94F00C1B69F /* GeoJSONGeometry+ContainsLocation.swift */,
			);
			path = GeoJSONGeometry;
			sourceTree = "<group>";
		};
		28CAA6E822F7F94F00C1B69F /* String */ = {
			isa = PBXGroup;
			children = (
				28CAA6E922F7F94F00C1B69F /* String+Localized.swift */,
			);
			path = String;
			sourceTree = "<group>";
		};
		28CAA6ED22F7F94F00C1B69F /* MKPolygon */ = {
			isa = PBXGroup;
			children = (
				28CAA6EE22F7F94F00C1B69F /* MKPolygon+MapPoint.swift */,
			);
			path = MKPolygon;
			sourceTree = "<group>";
		};
		28CAA71322F7F99C00C1B69F /* Models */ = {
			isa = PBXGroup;
			children = (
				28CAA71422F7F99C00C1B69F /* GeoJSON */,
				28CAA72722F7F99C00C1B69F /* Location */,
				28CAA72922F7F99C00C1B69F /* User */,
				28CAA72B22F7F99C00C1B69F /* Carousel */,
				28CAA72D22F7F99C00C1B69F /* Entity Level */,
				28CAA72F22F7F99C00C1B69F /* Geo Entity */,
				28CAA73222F7F99C00C1B69F /* Parameters */,
				28CAA73422F7F99C00C1B69F /* Coordinate */,
				28CAA73622F7F99C00C1B69F /* Repeating Timer */,
				28CAA73822F7F99C00C1B69F /* Photo */,
				28CAA73A22F7F99C00C1B69F /* Tile Coordinate */,
			);
			path = Models;
			sourceTree = "<group>";
		};
		28CAA71422F7F99C00C1B69F /* GeoJSON */ = {
			isa = PBXGroup;
			children = (
				28CAA71522F7F99C00C1B69F /* GeoJSONBoundingBox.swift */,
				28CAA71622F7F99C00C1B69F /* Parser */,
				28CAA71822F7F99C00C1B69F /* GeoJSON.swift */,
				28CAA71922F7F99C00C1B69F /* GeoJSONType.swift */,
				28CAA71A22F7F99C00C1B69F /* Feature */,
				28CAA71F22F7F99C00C1B69F /* Geometry */,
			);
			path = GeoJSON;
			sourceTree = "<group>";
		};
		28CAA71622F7F99C00C1B69F /* Parser */ = {
			isa = PBXGroup;
			children = (
				28CAA71722F7F99C00C1B69F /* GeoJSONParser.swift */,
			);
			path = Parser;
			sourceTree = "<group>";
		};
		28CAA71A22F7F99C00C1B69F /* Feature */ = {
			isa = PBXGroup;
			children = (
				28CAA71B22F7F99C00C1B69F /* GeoJSONFeature.swift */,
				28CAA71C22F7F99C00C1B69F /* Properties */,
				28CAA71E22F7F99C00C1B69F /* GeoJSONFeatureCollection.swift */,
			);
			path = Feature;
			sourceTree = "<group>";
		};
		28CAA71C22F7F99C00C1B69F /* Properties */ = {
			isa = PBXGroup;
			children = (
				28CAA71D22F7F99C00C1B69F /* PhotoProperties.swift */,
			);
			path = Properties;
			sourceTree = "<group>";
		};
		28CAA71F22F7F99C00C1B69F /* Geometry */ = {
			isa = PBXGroup;
			children = (
				28CAA72022F7F99C00C1B69F /* GeoJSONMultiLineString.swift */,
				28CAA72122F7F99C00C1B69F /* GeoJSONMultiPoint.swift */,
				28CAA72222F7F99C00C1B69F /* GeoJSONLineString.swift */,
				28CAA72322F7F99C00C1B69F /* GeoJSONPolygon.swift */,
				28CAA72422F7F99C00C1B69F /* GeoJSONPoint.swift */,
				28CAA72522F7F99C00C1B69F /* GeoJSONMultiPolygon.swift */,
				28CAA72622F7F99C00C1B69F /* GeoJSONGeometryCollection.swift */,
			);
			path = Geometry;
			sourceTree = "<group>";
		};
		28CAA72722F7F99C00C1B69F /* Location */ = {
			isa = PBXGroup;
			children = (
				28CAA72822F7F99C00C1B69F /* STLocation.swift */,
			);
			path = Location;
			sourceTree = "<group>";
		};
		28CAA72922F7F99C00C1B69F /* User */ = {
			isa = PBXGroup;
			children = (
				28CAA72A22F7F99C00C1B69F /* STUser.swift */,
			);
			path = User;
			sourceTree = "<group>";
		};
		28CAA72B22F7F99C00C1B69F /* Carousel */ = {
			isa = PBXGroup;
			children = (
				28CAA72C22F7F99C00C1B69F /* STCarousel.swift */,
				28CAA75522F7FA1C00C1B69F /* STCarouselOverlay.swift */,
				28CAA75722F7FA3300C1B69F /* STCarouselOverlayModel.swift */,
			);
			path = Carousel;
			sourceTree = "<group>";
		};
		28CAA72D22F7F99C00C1B69F /* Entity Level */ = {
			isa = PBXGroup;
			children = (
				28CAA72E22F7F99C00C1B69F /* EntityLevel.swift */,
			);
			path = "Entity Level";
			sourceTree = "<group>";
		};
		28CAA72F22F7F99C00C1B69F /* Geo Entity */ = {
			isa = PBXGroup;
			children = (
				28CAA73022F7F99C00C1B69F /* GeoEntity.swift */,
				28CAA73122F7F99C00C1B69F /* GeoLabel.swift */,
			);
			path = "Geo Entity";
			sourceTree = "<group>";
		};
		28CAA73222F7F99C00C1B69F /* Parameters */ = {
			isa = PBXGroup;
			children = (
				28CAA73322F7F99C00C1B69F /* Parameters.swift */,
			);
			path = Parameters;
			sourceTree = "<group>";
		};
		28CAA73422F7F99C00C1B69F /* Coordinate */ = {
			isa = PBXGroup;
			children = (
				28CAA73522F7F99C00C1B69F /* Coordinate.swift */,
			);
			path = Coordinate;
			sourceTree = "<group>";
		};
		28CAA73622F7F99C00C1B69F /* Repeating Timer */ = {
			isa = PBXGroup;
			children = (
				28CAA73722F7F99C00C1B69F /* RepeatingTimer.swift */,
			);
			path = "Repeating Timer";
			sourceTree = "<group>";
		};
		28CAA73822F7F99C00C1B69F /* Photo */ = {
			isa = PBXGroup;
			children = (
				28CAA73922F7F99C00C1B69F /* STPhoto.swift */,
			);
			path = Photo;
			sourceTree = "<group>";
		};
		28CAA73A22F7F99C00C1B69F /* Tile Coordinate */ = {
			isa = PBXGroup;
			children = (
				28CAA73B22F7F99C00C1B69F /* TileCoordinate.swift */,
			);
			path = "Tile Coordinate";
			sourceTree = "<group>";
		};
		28CAA75922F81D9200C1B69F /* Operations */ = {
			isa = PBXGroup;
			children = (
				28CAA75A22F81D9200C1B69F /* Parse */,
				28CAA75E22F81D9200C1B69F /* Network */,
				28CAA77022F81D9200C1B69F /* Base */,
			);
			path = Operations;
			sourceTree = "<group>";
		};
		28CAA75A22F81D9200C1B69F /* Parse */ = {
			isa = PBXGroup;
			children = (
				28CAA75B22F81D9200C1B69F /* WKT */,
			);
			path = Parse;
			sourceTree = "<group>";
		};
		28CAA75B22F81D9200C1B69F /* WKT */ = {
			isa = PBXGroup;
			children = (
				28CAA75C22F81D9200C1B69F /* Tokenizer.swift */,
				28CAA75D22F81D9200C1B69F /* WKTReader.swift */,
			);
			path = WKT;
			sourceTree = "<group>";
		};
		28CAA75E22F81D9200C1B69F /* Network */ = {
			isa = PBXGroup;
			children = (
				28CAA75F22F81D9200C1B69F /* Geojson Tile */,
				28CAA76722F81D9200C1B69F /* Geo Entity */,
				28CAA76B22F81D9200C1B69F /* Photo */,
			);
			path = Network;
			sourceTree = "<group>";
		};
		28CAA75F22F81D9200C1B69F /* Geojson Tile */ = {
			isa = PBXGroup;
			children = (
				28CAA76022F81D9200C1B69F /* Get */,
			);
			path = "Geojson Tile";
			sourceTree = "<group>";
		};
		28CAA76022F81D9200C1B69F /* Get */ = {
			isa = PBXGroup;
			children = (
				28CAA76122F81D9200C1B69F /* GetGeojsonTileOperationRequestBuilder.swift */,
				28CAA76222F81D9200C1B69F /* GetGeojsonTileOperationModel.swift */,
				28CAA76322F81D9200C1B69F /* GetGeojsonTileOperation.swift */,
			);
			path = Get;
			sourceTree = "<group>";
		};
		28CAA76722F81D9200C1B69F /* Geo Entity */ = {
			isa = PBXGroup;
			children = (
				28CAA78A22F82A2500C1B69F /* Get */,
			);
			path = "Geo Entity";
			sourceTree = "<group>";
		};
		28CAA76B22F81D9200C1B69F /* Photo */ = {
			isa = PBXGroup;
			children = (
				28CAA76C22F81D9200C1B69F /* Get */,
			);
			path = Photo;
			sourceTree = "<group>";
		};
		28CAA76C22F81D9200C1B69F /* Get */ = {
			isa = PBXGroup;
			children = (
				28CAA76D22F81D9200C1B69F /* GetPhotoOperationModel.swift */,
				28CAA76E22F81D9200C1B69F /* GetPhotoOperation.swift */,
				28CAA76F22F81D9200C1B69F /* GetPhotoOperationRequestBuilder.swift */,
			);
			path = Get;
			sourceTree = "<group>";
		};
		28CAA77022F81D9200C1B69F /* Base */ = {
			isa = PBXGroup;
			children = (
				28CAA78722F8256500C1B69F /* Builders */,
				28CAA77122F81D9200C1B69F /* Operations */,
				28CAA77322F81D9200C1B69F /* Errors */,
			);
			path = Base;
			sourceTree = "<group>";
		};
		28CAA77122F81D9200C1B69F /* Operations */ = {
			isa = PBXGroup;
			children = (
				28CAA77222F81D9200C1B69F /* AsynchronousOperation.swift */,
			);
			path = Operations;
			sourceTree = "<group>";
		};
		28CAA77322F81D9200C1B69F /* Errors */ = {
			isa = PBXGroup;
			children = (
				28CAA77422F81D9200C1B69F /* OperationError.swift */,
			);
			path = Errors;
			sourceTree = "<group>";
		};
		28CAA78422F824F500C1B69F /* Environment */ = {
			isa = PBXGroup;
			children = (
				28CAA78522F824F500C1B69F /* Environment.swift */,
			);
			path = Environment;
			sourceTree = "<group>";
		};
		28CAA78722F8256500C1B69F /* Builders */ = {
			isa = PBXGroup;
			children = (
				28CAA78822F8257200C1B69F /* EndpointsBuilder.swift */,
			);
			path = Builders;
			sourceTree = "<group>";
		};
		28CAA78A22F82A2500C1B69F /* Get */ = {
			isa = PBXGroup;
			children = (
				28CAA76822F81D9200C1B69F /* GetGeoEntityRequestBuilder.swift */,
				28CAA76922F81D9200C1B69F /* GetGeoEntityOperation.swift */,
				28CAA76A22F81D9200C1B69F /* GetGeoEntityOperationModel.swift */,
			);
			path = Get;
			sourceTree = "<group>";
		};
		28E9303B22F8835C001D5ADB /* STPhoto */ = {
			isa = PBXGroup;
			children = (
				28E9303C22F88370001D5ADB /* STPhoto+ImageUrlOfSize.swift */,
			);
			path = STPhoto;
			sourceTree = "<group>";
		};
		3549BAFB1DA387DB00C63030 = {
			isa = PBXGroup;
			children = (
				3549BB161DA3890B00C63030 /* Sources */,
				3549BB191DA3890B00C63030 /* Tests */,
				3549BB061DA387DB00C63030 /* Products */,
				357D954B1DA3F2B400AEC55F /* Frameworks */,
			);
			sourceTree = "<group>";
		};
		3549BB061DA387DB00C63030 /* Products */ = {
			isa = PBXGroup;
			children = (
				3549BB211DA389CD00C63030 /* STPhotoCore.framework */,
				3549BB2E1DA389DB00C63030 /* STPhotoCore.framework */,
				3549BB3B1DA389E800C63030 /* STPhotoCore.framework */,
				3549BB481DA389F300C63030 /* STPhotoCore.framework */,
				3549BB611DA38ADB00C63030 /* STPhotoCoreTests-iOS.xctest */,
				3549BB701DA38AEF00C63030 /* STPhotoCoreTests-tvOS.xctest */,
				3549BB7F1DA38B0000C63030 /* STPhotoCoreTests-macOS.xctest */,
			);
			name = Products;
			sourceTree = "<group>";
		};
		3549BB161DA3890B00C63030 /* Sources */ = {
			isa = PBXGroup;
			children = (
				28CAA78422F824F500C1B69F /* Environment */,
				28CAA75922F81D9200C1B69F /* Operations */,
				28CAA71322F7F99C00C1B69F /* Models */,
				28CAA6B622F7F94F00C1B69F /* Extensions */,
				359649011FB18CBF00FC7ADC /* Core */,
				3549BB541DA38A4000C63030 /* Supporting Files */,
			);
			path = Sources;
			sourceTree = "<group>";
		};
		3549BB191DA3890B00C63030 /* Tests */ = {
			isa = PBXGroup;
			children = (
				3549BB8A1DA38C0A00C63030 /* STPhotoCoreTests.swift */,
				3549BB5B1DA38A8C00C63030 /* Supporting Files */,
			);
			path = Tests;
			sourceTree = "<group>";
		};
		3549BB541DA38A4000C63030 /* Supporting Files */ = {
			isa = PBXGroup;
			children = (
				3549BB181DA3890B00C63030 /* STPhotoCore.h */,
				3549BB171DA3890B00C63030 /* Info.plist */,
				3549BB551DA38A5E00C63030 /* Info-tvOS.plist */,
			);
			name = "Supporting Files";
			sourceTree = "<group>";
		};
		3549BB5B1DA38A8C00C63030 /* Supporting Files */ = {
			isa = PBXGroup;
			children = (
				3549BB581DA38A8800C63030 /* Info.plist */,
				3549BB571DA38A8800C63030 /* Info-tvOS.plist */,
			);
			name = "Supporting Files";
			sourceTree = "<group>";
		};
		357D954B1DA3F2B400AEC55F /* Frameworks */ = {
			isa = PBXGroup;
			children = (
			);
			name = Frameworks;
			sourceTree = "<group>";
		};
		359649011FB18CBF00FC7ADC /* Core */ = {
			isa = PBXGroup;
			children = (
				359649021FB18CBF00FC7ADC /* STPhotoCore.swift */,
			);
			path = Core;
			sourceTree = "<group>";
		};
/* End PBXGroup section */

/* Begin PBXHeadersBuildPhase section */
		3549BB1E1DA389CD00C63030 /* Headers */ = {
			isa = PBXHeadersBuildPhase;
			buildActionMask = 2147483647;
			files = (
				3549BB501DA38A2000C63030 /* STPhotoCore.h in Headers */,
			);
			runOnlyForDeploymentPostprocessing = 0;
		};
		3549BB2B1DA389DB00C63030 /* Headers */ = {
			isa = PBXHeadersBuildPhase;
			buildActionMask = 2147483647;
			files = (
				3549BB521DA38A2100C63030 /* STPhotoCore.h in Headers */,
			);
			runOnlyForDeploymentPostprocessing = 0;
		};
		3549BB381DA389E800C63030 /* Headers */ = {
			isa = PBXHeadersBuildPhase;
			buildActionMask = 2147483647;
			files = (
				3549BB531DA38A2200C63030 /* STPhotoCore.h in Headers */,
			);
			runOnlyForDeploymentPostprocessing = 0;
		};
		3549BB451DA389F300C63030 /* Headers */ = {
			isa = PBXHeadersBuildPhase;
			buildActionMask = 2147483647;
			files = (
				3549BB511DA38A2000C63030 /* STPhotoCore.h in Headers */,
			);
			runOnlyForDeploymentPostprocessing = 0;
		};
/* End PBXHeadersBuildPhase section */

/* Begin PBXNativeTarget section */
		3549BB201DA389CD00C63030 /* STPhotoCore-iOS */ = {
			isa = PBXNativeTarget;
			buildConfigurationList = 3549BB261DA389CD00C63030 /* Build configuration list for PBXNativeTarget "STPhotoCore-iOS" */;
			buildPhases = (
				3549BB1C1DA389CD00C63030 /* Sources */,
				3549BB1D1DA389CD00C63030 /* Frameworks */,
				3549BB1E1DA389CD00C63030 /* Headers */,
				3549BB1F1DA389CD00C63030 /* Resources */,
			);
			buildRules = (
			);
			dependencies = (
			);
			name = "STPhotoCore-iOS";
			productName = "STPhotoCore-iOS";
			productReference = 3549BB211DA389CD00C63030 /* STPhotoCore.framework */;
			productType = "com.apple.product-type.framework";
		};
		3549BB2D1DA389DB00C63030 /* STPhotoCore-watchOS */ = {
			isa = PBXNativeTarget;
			buildConfigurationList = 3549BB331DA389DB00C63030 /* Build configuration list for PBXNativeTarget "STPhotoCore-watchOS" */;
			buildPhases = (
				3549BB291DA389DB00C63030 /* Sources */,
				3549BB2A1DA389DB00C63030 /* Frameworks */,
				3549BB2B1DA389DB00C63030 /* Headers */,
				3549BB2C1DA389DB00C63030 /* Resources */,
			);
			buildRules = (
			);
			dependencies = (
			);
			name = "STPhotoCore-watchOS";
			productName = "STPhotoCore-watchOS";
			productReference = 3549BB2E1DA389DB00C63030 /* STPhotoCore.framework */;
			productType = "com.apple.product-type.framework";
		};
		3549BB3A1DA389E800C63030 /* STPhotoCore-macOS */ = {
			isa = PBXNativeTarget;
			buildConfigurationList = 3549BB401DA389E800C63030 /* Build configuration list for PBXNativeTarget "STPhotoCore-macOS" */;
			buildPhases = (
				3549BB361DA389E800C63030 /* Sources */,
				3549BB371DA389E800C63030 /* Frameworks */,
				3549BB381DA389E800C63030 /* Headers */,
				3549BB391DA389E800C63030 /* Resources */,
			);
			buildRules = (
			);
			dependencies = (
			);
			name = "STPhotoCore-macOS";
			productName = "STPhotoCore-macOS";
			productReference = 3549BB3B1DA389E800C63030 /* STPhotoCore.framework */;
			productType = "com.apple.product-type.framework";
		};
		3549BB471DA389F300C63030 /* STPhotoCore-tvOS */ = {
			isa = PBXNativeTarget;
			buildConfigurationList = 3549BB4D1DA389F300C63030 /* Build configuration list for PBXNativeTarget "STPhotoCore-tvOS" */;
			buildPhases = (
				3549BB431DA389F300C63030 /* Sources */,
				3549BB441DA389F300C63030 /* Frameworks */,
				3549BB451DA389F300C63030 /* Headers */,
				3549BB461DA389F300C63030 /* Resources */,
			);
			buildRules = (
			);
			dependencies = (
			);
			name = "STPhotoCore-tvOS";
			productName = "STPhotoCore-tvOS";
			productReference = 3549BB481DA389F300C63030 /* STPhotoCore.framework */;
			productType = "com.apple.product-type.framework";
		};
		3549BB601DA38ADB00C63030 /* STPhotoCoreTests-iOS */ = {
			isa = PBXNativeTarget;
			buildConfigurationList = 3549BB691DA38ADB00C63030 /* Build configuration list for PBXNativeTarget "STPhotoCoreTests-iOS" */;
			buildPhases = (
				3549BB5D1DA38ADB00C63030 /* Sources */,
				3549BB5E1DA38ADB00C63030 /* Frameworks */,
				3549BB5F1DA38ADB00C63030 /* Resources */,
			);
			buildRules = (
			);
			dependencies = (
				3549BB681DA38ADB00C63030 /* PBXTargetDependency */,
			);
			name = "STPhotoCoreTests-iOS";
			productName = "STPhotoCoreTests-iOS";
			productReference = 3549BB611DA38ADB00C63030 /* STPhotoCoreTests-iOS.xctest */;
			productType = "com.apple.product-type.bundle.unit-test";
		};
		3549BB6F1DA38AEF00C63030 /* STPhotoCoreTests-tvOS */ = {
			isa = PBXNativeTarget;
			buildConfigurationList = 3549BB781DA38AEF00C63030 /* Build configuration list for PBXNativeTarget "STPhotoCoreTests-tvOS" */;
			buildPhases = (
				3549BB6C1DA38AEF00C63030 /* Sources */,
				3549BB6D1DA38AEF00C63030 /* Frameworks */,
				3549BB6E1DA38AEF00C63030 /* Resources */,
			);
			buildRules = (
			);
			dependencies = (
				3549BB771DA38AEF00C63030 /* PBXTargetDependency */,
			);
			name = "STPhotoCoreTests-tvOS";
			productName = "STPhotoCoreTests-tvOS";
			productReference = 3549BB701DA38AEF00C63030 /* STPhotoCoreTests-tvOS.xctest */;
			productType = "com.apple.product-type.bundle.unit-test";
		};
		3549BB7E1DA38B0000C63030 /* STPhotoCoreTests-macOS */ = {
			isa = PBXNativeTarget;
			buildConfigurationList = 3549BB871DA38B0000C63030 /* Build configuration list for PBXNativeTarget "STPhotoCoreTests-macOS" */;
			buildPhases = (
				3549BB7B1DA38B0000C63030 /* Sources */,
				3549BB7C1DA38B0000C63030 /* Frameworks */,
				3549BB7D1DA38B0000C63030 /* Resources */,
			);
			buildRules = (
			);
			dependencies = (
				3549BB861DA38B0000C63030 /* PBXTargetDependency */,
			);
			name = "STPhotoCoreTests-macOS";
			productName = "STPhotoCoreTests-macOS";
			productReference = 3549BB7F1DA38B0000C63030 /* STPhotoCoreTests-macOS.xctest */;
			productType = "com.apple.product-type.bundle.unit-test";
		};
/* End PBXNativeTarget section */

/* Begin PBXProject section */
		3549BAFC1DA387DB00C63030 /* Project object */ = {
			isa = PBXProject;
			attributes = {
				LastSwiftUpdateCheck = 0800;
				LastUpgradeCheck = 0930;
				ORGANIZATIONNAME = mikelanza;
				TargetAttributes = {
					3549BB201DA389CD00C63030 = {
						CreatedOnToolsVersion = 8.0;
						LastSwiftMigration = 1020;
						ProvisioningStyle = Automatic;
					};
					3549BB2D1DA389DB00C63030 = {
						CreatedOnToolsVersion = 8.0;
						LastSwiftMigration = "";
						ProvisioningStyle = Automatic;
					};
					3549BB3A1DA389E800C63030 = {
						CreatedOnToolsVersion = 8.0;
						LastSwiftMigration = 0900;
						ProvisioningStyle = Automatic;
					};
					3549BB471DA389F300C63030 = {
						CreatedOnToolsVersion = 8.0;
						LastSwiftMigration = 0900;
						ProvisioningStyle = Automatic;
					};
					3549BB601DA38ADB00C63030 = {
						CreatedOnToolsVersion = 8.0;
						LastSwiftMigration = 1020;
						ProvisioningStyle = Automatic;
					};
					3549BB6F1DA38AEF00C63030 = {
						CreatedOnToolsVersion = 8.0;
						LastSwiftMigration = 0900;
						ProvisioningStyle = Automatic;
					};
					3549BB7E1DA38B0000C63030 = {
						CreatedOnToolsVersion = 8.0;
						LastSwiftMigration = 0900;
						ProvisioningStyle = Automatic;
					};
				};
			};
			buildConfigurationList = 3549BAFF1DA387DB00C63030 /* Build configuration list for PBXProject "STPhotoCore" */;
			compatibilityVersion = "Xcode 3.2";
			developmentRegion = en;
			hasScannedForEncodings = 0;
			knownRegions = (
				en,
				Base,
			);
			mainGroup = 3549BAFB1DA387DB00C63030;
			productRefGroup = 3549BB061DA387DB00C63030 /* Products */;
			projectDirPath = "";
			projectRoot = "";
			targets = (
				3549BB201DA389CD00C63030 /* STPhotoCore-iOS */,
				3549BB601DA38ADB00C63030 /* STPhotoCoreTests-iOS */,
				3549BB3A1DA389E800C63030 /* STPhotoCore-macOS */,
				3549BB7E1DA38B0000C63030 /* STPhotoCoreTests-macOS */,
				3549BB471DA389F300C63030 /* STPhotoCore-tvOS */,
				3549BB6F1DA38AEF00C63030 /* STPhotoCoreTests-tvOS */,
				3549BB2D1DA389DB00C63030 /* STPhotoCore-watchOS */,
			);
		};
/* End PBXProject section */

/* Begin PBXResourcesBuildPhase section */
		3549BB1F1DA389CD00C63030 /* Resources */ = {
			isa = PBXResourcesBuildPhase;
			buildActionMask = 2147483647;
			files = (
			);
			runOnlyForDeploymentPostprocessing = 0;
		};
		3549BB2C1DA389DB00C63030 /* Resources */ = {
			isa = PBXResourcesBuildPhase;
			buildActionMask = 2147483647;
			files = (
			);
			runOnlyForDeploymentPostprocessing = 0;
		};
		3549BB391DA389E800C63030 /* Resources */ = {
			isa = PBXResourcesBuildPhase;
			buildActionMask = 2147483647;
			files = (
			);
			runOnlyForDeploymentPostprocessing = 0;
		};
		3549BB461DA389F300C63030 /* Resources */ = {
			isa = PBXResourcesBuildPhase;
			buildActionMask = 2147483647;
			files = (
			);
			runOnlyForDeploymentPostprocessing = 0;
		};
		3549BB5F1DA38ADB00C63030 /* Resources */ = {
			isa = PBXResourcesBuildPhase;
			buildActionMask = 2147483647;
			files = (
			);
			runOnlyForDeploymentPostprocessing = 0;
		};
		3549BB6E1DA38AEF00C63030 /* Resources */ = {
			isa = PBXResourcesBuildPhase;
			buildActionMask = 2147483647;
			files = (
			);
			runOnlyForDeploymentPostprocessing = 0;
		};
		3549BB7D1DA38B0000C63030 /* Resources */ = {
			isa = PBXResourcesBuildPhase;
			buildActionMask = 2147483647;
			files = (
			);
			runOnlyForDeploymentPostprocessing = 0;
		};
/* End PBXResourcesBuildPhase section */

/* Begin PBXSourcesBuildPhase section */
		3549BB1C1DA389CD00C63030 /* Sources */ = {
			isa = PBXSourcesBuildPhase;
			buildActionMask = 2147483647;
			files = (
				28CAA74122F7F99C00C1B69F /* PhotoProperties.swift in Sources */,
				28CAA73F22F7F99C00C1B69F /* GeoJSONType.swift in Sources */,
				28CAA70722F7F94F00C1B69F /* MKMapRect+OverlapPercentage.swift in Sources */,
				28CAA6F222F7F94F00C1B69F /* MKMapView+OuterTiles.swift in Sources */,
				28CAA77D22F81D9200C1B69F /* GetGeoEntityOperation.swift in Sources */,
				28CAA6F422F7F94F00C1B69F /* MKMapView+BoundingBox.swift in Sources */,
				28CAA75622F7FA1C00C1B69F /* STCarouselOverlay.swift in Sources */,
				28CAA6FB22F7F94F00C1B69F /* GeoJSONFeature+EntityLevel.swift in Sources */,
				28CAA70E22F7F94F00C1B69F /* GeoJSONGeometry+ContainsLocation.swift in Sources */,
				28CAA70A22F7F94F00C1B69F /* MKMapRect+SpiralTiles.swift in Sources */,
				28CAA77F22F81D9200C1B69F /* GetPhotoOperationModel.swift in Sources */,
				28CAA70922F7F94F00C1B69F /* MKMapRect+Tiles.swift in Sources */,
				28CAA77922F81D9200C1B69F /* GetGeojsonTileOperation.swift in Sources */,
				28CAA75422F7F99C00C1B69F /* TileCoordinate.swift in Sources */,
				28CAA6F722F7F94F00C1B69F /* Array+FeatureAtLocation.swift in Sources */,
				28CAA70622F7F94F00C1B69F /* MKMapRect+BoundingBox.swift in Sources */,
				28CAA6FE22F7F94F00C1B69F /* GeoJSONObject+Features.swift in Sources */,
				28CAA74922F7F99C00C1B69F /* GeoJSONGeometryCollection.swift in Sources */,
				28CAA74822F7F99C00C1B69F /* GeoJSONMultiPolygon.swift in Sources */,
				28CAA77C22F81D9200C1B69F /* GetGeoEntityRequestBuilder.swift in Sources */,
				28CAA78922F8257200C1B69F /* EndpointsBuilder.swift in Sources */,
				28CAA74722F7F99C00C1B69F /* GeoJSONPoint.swift in Sources */,
				28CAA75022F7F99C00C1B69F /* Parameters.swift in Sources */,
				28CAA6F522F7F94F00C1B69F /* MKMapView+VisibleTiles.swift in Sources */,
				28CAA6FA22F7F94F00C1B69F /* GeoJSONFeature+ContainsLocation.swift in Sources */,
				28E9303D22F88370001D5ADB /* STPhoto+ImageUrlOfSize.swift in Sources */,
				28CAA70422F7F94F00C1B69F /* URL+Parameters.swift in Sources */,
				28CAA78122F81D9200C1B69F /* GetPhotoOperationRequestBuilder.swift in Sources */,
				28CAA74E22F7F99C00C1B69F /* GeoEntity.swift in Sources */,
				28CAA6FD22F7F94F00C1B69F /* GeoJSONObject+EntityLevel.swift in Sources */,
				28CAA75322F7F99C00C1B69F /* STPhoto.swift in Sources */,
				28CAA78322F81D9200C1B69F /* OperationError.swift in Sources */,
				28CAA75222F7F99C00C1B69F /* RepeatingTimer.swift in Sources */,
				28CAA6F322F7F94F00C1B69F /* MKMapView+ZoomLevel.swift in Sources */,
				359649031FB18CC000FC7ADC /* STPhotoCore.swift in Sources */,
				28CAA6F922F7F94F00C1B69F /* Array+BestFeature.swift in Sources */,
				28CAA70C22F7F94F00C1B69F /* CLLocationCoordinate2D+Equatable.swift in Sources */,
				28CAA6F122F7F94F00C1B69F /* DateFormatter+ISO8601.swift in Sources */,
				28CAA74522F7F99C00C1B69F /* GeoJSONLineString.swift in Sources */,
				28CAA6F622F7F94F00C1B69F /* Array+Tail.swift in Sources */,
				28CAA74D22F7F99C00C1B69F /* EntityLevel.swift in Sources */,
				28CAA74622F7F99C00C1B69F /* GeoJSONPolygon.swift in Sources */,
				28CAA73D22F7F99C00C1B69F /* GeoJSONParser.swift in Sources */,
				28CAA6FF22F7F94F00C1B69F /* MKClusterAnnotation+SameCoordinate.swift in Sources */,
				28CAA6F822F7F94F00C1B69F /* Array+Synchronized.swift in Sources */,
				28CAA71222F7F94F00C1B69F /* MKPolygon+MapPoint.swift in Sources */,
				28CAA74422F7F99C00C1B69F /* GeoJSONMultiPoint.swift in Sources */,
				28CAA74322F7F99C00C1B69F /* GeoJSONMultiLineString.swift in Sources */,
				28CAA70B22F7F94F00C1B69F /* MKMapRect+Coordinates.swift in Sources */,
				28CAA6F022F7F94F00C1B69F /* EntityLevel+CoordinateSpan.swift in Sources */,
				28CAA77822F81D9200C1B69F /* GetGeojsonTileOperationModel.swift in Sources */,
				28CAA77522F81D9200C1B69F /* Tokenizer.swift in Sources */,
				28CAA77E22F81D9200C1B69F /* GetGeoEntityOperationModel.swift in Sources */,
				28CAA70022F7F94F00C1B69F /* DefaultReuseIdentifier.swift in Sources */,
				28CAA73E22F7F99C00C1B69F /* GeoJSON.swift in Sources */,
				28CAA70222F7F94F00C1B69F /* STCarousel+ShouldChange.swift in Sources */,
				28CAA74C22F7F99C00C1B69F /* STCarousel.swift in Sources */,
				28CAA74B22F7F99C00C1B69F /* STUser.swift in Sources */,
				28CAA74022F7F99C00C1B69F /* GeoJSONFeature.swift in Sources */,
				28CAA70F22F7F94F00C1B69F /* String+Localized.swift in Sources */,
				28CAA75122F7F99C00C1B69F /* Coordinate.swift in Sources */,
				28CAA75822F7FA3300C1B69F /* STCarouselOverlayModel.swift in Sources */,
				28CAA6FC22F7F94F00C1B69F /* MKTileOverlayPath+Subtiles.swift in Sources */,
				28CAA78022F81D9200C1B69F /* GetPhotoOperation.swift in Sources */,
				28CAA78222F81D9200C1B69F /* AsynchronousOperation.swift in Sources */,
				28CAA70D22F7F94F00C1B69F /* CLLocationCoordinate2D+Distance.swift in Sources */,
				28CAA70822F7F94F00C1B69F /* MKMapRect+Area.swift in Sources */,
				28CAA77622F81D9200C1B69F /* WKTReader.swift in Sources */,
				28CAA74F22F7F99C00C1B69F /* GeoLabel.swift in Sources */,
				28CAA78622F824F600C1B69F /* Environment.swift in Sources */,
				28CAA77722F81D9200C1B69F /* GetGeojsonTileOperationRequestBuilder.swift in Sources */,
				28CAA74A22F7F99C00C1B69F /* STLocation.swift in Sources */,
				28CAA74222F7F99C00C1B69F /* GeoJSONFeatureCollection.swift in Sources */,
				28CAA6EF22F7F94F00C1B69F /* MKPolyline+MapPoint.swift in Sources */,
				28CAA70522F7F94F00C1B69F /* UIViewController+Show.swift in Sources */,
				28CAA73C22F7F99C00C1B69F /* GeoJSONBoundingBox.swift in Sources */,
			);
			runOnlyForDeploymentPostprocessing = 0;
		};
		3549BB291DA389DB00C63030 /* Sources */ = {
			isa = PBXSourcesBuildPhase;
			buildActionMask = 2147483647;
			files = (
				359649061FB18CC000FC7ADC /* STPhotoCore.swift in Sources */,
			);
			runOnlyForDeploymentPostprocessing = 0;
		};
		3549BB361DA389E800C63030 /* Sources */ = {
			isa = PBXSourcesBuildPhase;
			buildActionMask = 2147483647;
			files = (
				359649041FB18CC000FC7ADC /* STPhotoCore.swift in Sources */,
			);
			runOnlyForDeploymentPostprocessing = 0;
		};
		3549BB431DA389F300C63030 /* Sources */ = {
			isa = PBXSourcesBuildPhase;
			buildActionMask = 2147483647;
			files = (
				359649051FB18CC000FC7ADC /* STPhotoCore.swift in Sources */,
			);
			runOnlyForDeploymentPostprocessing = 0;
		};
		3549BB5D1DA38ADB00C63030 /* Sources */ = {
			isa = PBXSourcesBuildPhase;
			buildActionMask = 2147483647;
			files = (
				3549BB8B1DA38C0A00C63030 /* STPhotoCoreTests.swift in Sources */,
			);
			runOnlyForDeploymentPostprocessing = 0;
		};
		3549BB6C1DA38AEF00C63030 /* Sources */ = {
			isa = PBXSourcesBuildPhase;
			buildActionMask = 2147483647;
			files = (
				3549BB8D1DA38C0A00C63030 /* STPhotoCoreTests.swift in Sources */,
			);
			runOnlyForDeploymentPostprocessing = 0;
		};
		3549BB7B1DA38B0000C63030 /* Sources */ = {
			isa = PBXSourcesBuildPhase;
			buildActionMask = 2147483647;
			files = (
				3549BB8C1DA38C0A00C63030 /* STPhotoCoreTests.swift in Sources */,
			);
			runOnlyForDeploymentPostprocessing = 0;
		};
/* End PBXSourcesBuildPhase section */

/* Begin PBXTargetDependency section */
		3549BB681DA38ADB00C63030 /* PBXTargetDependency */ = {
			isa = PBXTargetDependency;
			target = 3549BB201DA389CD00C63030 /* STPhotoCore-iOS */;
			targetProxy = 3549BB671DA38ADB00C63030 /* PBXContainerItemProxy */;
		};
		3549BB771DA38AEF00C63030 /* PBXTargetDependency */ = {
			isa = PBXTargetDependency;
			target = 3549BB471DA389F300C63030 /* STPhotoCore-tvOS */;
			targetProxy = 3549BB761DA38AEF00C63030 /* PBXContainerItemProxy */;
		};
		3549BB861DA38B0000C63030 /* PBXTargetDependency */ = {
			isa = PBXTargetDependency;
			target = 3549BB3A1DA389E800C63030 /* STPhotoCore-macOS */;
			targetProxy = 3549BB851DA38B0000C63030 /* PBXContainerItemProxy */;
		};
/* End PBXTargetDependency section */

/* Begin XCBuildConfiguration section */
		3549BB0B1DA387DB00C63030 /* Debug */ = {
			isa = XCBuildConfiguration;
			buildSettings = {
				ALWAYS_SEARCH_USER_PATHS = NO;
				CLANG_ANALYZER_NONNULL = YES;
				CLANG_CXX_LANGUAGE_STANDARD = "gnu++0x";
				CLANG_CXX_LIBRARY = "libc++";
				CLANG_ENABLE_MODULES = YES;
				CLANG_ENABLE_OBJC_ARC = YES;
				CLANG_WARN_BLOCK_CAPTURE_AUTORELEASING = YES;
				CLANG_WARN_BOOL_CONVERSION = YES;
				CLANG_WARN_COMMA = YES;
				CLANG_WARN_CONSTANT_CONVERSION = YES;
				CLANG_WARN_DEPRECATED_OBJC_IMPLEMENTATIONS = YES;
				CLANG_WARN_DIRECT_OBJC_ISA_USAGE = YES_ERROR;
				CLANG_WARN_DOCUMENTATION_COMMENTS = YES;
				CLANG_WARN_EMPTY_BODY = YES;
				CLANG_WARN_ENUM_CONVERSION = YES;
				CLANG_WARN_INFINITE_RECURSION = YES;
				CLANG_WARN_INT_CONVERSION = YES;
				CLANG_WARN_NON_LITERAL_NULL_CONVERSION = YES;
				CLANG_WARN_OBJC_IMPLICIT_RETAIN_SELF = YES;
				CLANG_WARN_OBJC_LITERAL_CONVERSION = YES;
				CLANG_WARN_OBJC_ROOT_CLASS = YES_ERROR;
				CLANG_WARN_RANGE_LOOP_ANALYSIS = YES;
				CLANG_WARN_STRICT_PROTOTYPES = YES;
				CLANG_WARN_SUSPICIOUS_MOVE = YES;
				CLANG_WARN_SUSPICIOUS_MOVES = YES;
				CLANG_WARN_UNREACHABLE_CODE = YES;
				CLANG_WARN__DUPLICATE_METHOD_MATCH = YES;
				COPY_PHASE_STRIP = NO;
				CURRENT_PROJECT_VERSION = 1;
				DEBUG_INFORMATION_FORMAT = dwarf;
				ENABLE_STRICT_OBJC_MSGSEND = YES;
				ENABLE_TESTABILITY = YES;
				GCC_C_LANGUAGE_STANDARD = gnu99;
				GCC_DYNAMIC_NO_PIC = NO;
				GCC_NO_COMMON_BLOCKS = YES;
				GCC_OPTIMIZATION_LEVEL = 0;
				GCC_PREPROCESSOR_DEFINITIONS = (
					"DEBUG=1",
					"$(inherited)",
				);
				GCC_WARN_64_TO_32_BIT_CONVERSION = YES;
				GCC_WARN_ABOUT_RETURN_TYPE = YES_ERROR;
				GCC_WARN_UNDECLARED_SELECTOR = YES;
				GCC_WARN_UNINITIALIZED_AUTOS = YES_AGGRESSIVE;
				GCC_WARN_UNUSED_FUNCTION = YES;
				GCC_WARN_UNUSED_VARIABLE = YES;
				IPHONEOS_DEPLOYMENT_TARGET = 11.0;
				MACOSX_DEPLOYMENT_TARGET = 10.10;
				MTL_ENABLE_DEBUG_INFO = YES;
				ONLY_ACTIVE_ARCH = YES;
				SDKROOT = iphoneos;
				SWIFT_ACTIVE_COMPILATION_CONDITIONS = DEBUG;
				SWIFT_OPTIMIZATION_LEVEL = "-Onone";
				SWIFT_SWIFT3_OBJC_INFERENCE = Off;
				SWIFT_VERSION = 5.0;
				TARGETED_DEVICE_FAMILY = "1,2";
				VERSIONING_SYSTEM = "apple-generic";
				VERSION_INFO_PREFIX = "";
			};
			name = Debug;
		};
		3549BB0C1DA387DB00C63030 /* Release */ = {
			isa = XCBuildConfiguration;
			buildSettings = {
				ALWAYS_SEARCH_USER_PATHS = NO;
				CLANG_ANALYZER_NONNULL = YES;
				CLANG_CXX_LANGUAGE_STANDARD = "gnu++0x";
				CLANG_CXX_LIBRARY = "libc++";
				CLANG_ENABLE_MODULES = YES;
				CLANG_ENABLE_OBJC_ARC = YES;
				CLANG_WARN_BLOCK_CAPTURE_AUTORELEASING = YES;
				CLANG_WARN_BOOL_CONVERSION = YES;
				CLANG_WARN_COMMA = YES;
				CLANG_WARN_CONSTANT_CONVERSION = YES;
				CLANG_WARN_DEPRECATED_OBJC_IMPLEMENTATIONS = YES;
				CLANG_WARN_DIRECT_OBJC_ISA_USAGE = YES_ERROR;
				CLANG_WARN_DOCUMENTATION_COMMENTS = YES;
				CLANG_WARN_EMPTY_BODY = YES;
				CLANG_WARN_ENUM_CONVERSION = YES;
				CLANG_WARN_INFINITE_RECURSION = YES;
				CLANG_WARN_INT_CONVERSION = YES;
				CLANG_WARN_NON_LITERAL_NULL_CONVERSION = YES;
				CLANG_WARN_OBJC_IMPLICIT_RETAIN_SELF = YES;
				CLANG_WARN_OBJC_LITERAL_CONVERSION = YES;
				CLANG_WARN_OBJC_ROOT_CLASS = YES_ERROR;
				CLANG_WARN_RANGE_LOOP_ANALYSIS = YES;
				CLANG_WARN_STRICT_PROTOTYPES = YES;
				CLANG_WARN_SUSPICIOUS_MOVE = YES;
				CLANG_WARN_SUSPICIOUS_MOVES = YES;
				CLANG_WARN_UNREACHABLE_CODE = YES;
				CLANG_WARN__DUPLICATE_METHOD_MATCH = YES;
				COPY_PHASE_STRIP = NO;
				CURRENT_PROJECT_VERSION = 1;
				DEBUG_INFORMATION_FORMAT = "dwarf-with-dsym";
				ENABLE_NS_ASSERTIONS = NO;
				ENABLE_STRICT_OBJC_MSGSEND = YES;
				GCC_C_LANGUAGE_STANDARD = gnu99;
				GCC_NO_COMMON_BLOCKS = YES;
				GCC_WARN_64_TO_32_BIT_CONVERSION = YES;
				GCC_WARN_ABOUT_RETURN_TYPE = YES_ERROR;
				GCC_WARN_UNDECLARED_SELECTOR = YES;
				GCC_WARN_UNINITIALIZED_AUTOS = YES_AGGRESSIVE;
				GCC_WARN_UNUSED_FUNCTION = YES;
				GCC_WARN_UNUSED_VARIABLE = YES;
				IPHONEOS_DEPLOYMENT_TARGET = 11.0;
				MACOSX_DEPLOYMENT_TARGET = 10.10;
				MTL_ENABLE_DEBUG_INFO = NO;
				SDKROOT = iphoneos;
				SWIFT_OPTIMIZATION_LEVEL = "-Owholemodule";
				SWIFT_SWIFT3_OBJC_INFERENCE = Off;
				SWIFT_VERSION = 5.0;
				TARGETED_DEVICE_FAMILY = "1,2";
				VALIDATE_PRODUCT = YES;
				VERSIONING_SYSTEM = "apple-generic";
				VERSION_INFO_PREFIX = "";
			};
			name = Release;
		};
		3549BB271DA389CD00C63030 /* Debug */ = {
			isa = XCBuildConfiguration;
			buildSettings = {
				CLANG_ENABLE_MODULES = YES;
				DEFINES_MODULE = YES;
				DYLIB_COMPATIBILITY_VERSION = 1;
				DYLIB_CURRENT_VERSION = 1;
				DYLIB_INSTALL_NAME_BASE = "@rpath";
				FRAMEWORK_SEARCH_PATHS = "$(inherited)";
				INFOPLIST_FILE = Sources/Info.plist;
				INSTALL_PATH = "$(LOCAL_LIBRARY_DIR)/Frameworks";
				IPHONEOS_DEPLOYMENT_TARGET = 11.0;
				LD_RUNPATH_SEARCH_PATHS = "$(inherited) @executable_path/Frameworks @loader_path/Frameworks";
				PRODUCT_BUNDLE_IDENTIFIER = com.streetography.st.photo.core.ios.STPhotoCore.STPhotoCore;
				PRODUCT_NAME = STPhotoCore;
				SKIP_INSTALL = YES;
				SWIFT_OPTIMIZATION_LEVEL = "-Onone";
				SWIFT_VERSION = 5.0;
			};
			name = Debug;
		};
		3549BB281DA389CD00C63030 /* Release */ = {
			isa = XCBuildConfiguration;
			buildSettings = {
				CLANG_ENABLE_MODULES = YES;
				DEFINES_MODULE = YES;
				DYLIB_COMPATIBILITY_VERSION = 1;
				DYLIB_CURRENT_VERSION = 1;
				DYLIB_INSTALL_NAME_BASE = "@rpath";
				FRAMEWORK_SEARCH_PATHS = "$(inherited)";
				INFOPLIST_FILE = Sources/Info.plist;
				INSTALL_PATH = "$(LOCAL_LIBRARY_DIR)/Frameworks";
				IPHONEOS_DEPLOYMENT_TARGET = 11.0;
				LD_RUNPATH_SEARCH_PATHS = "$(inherited) @executable_path/Frameworks @loader_path/Frameworks";
				PRODUCT_BUNDLE_IDENTIFIER = com.streetography.st.photo.core.ios.STPhotoCore.STPhotoCore;
				PRODUCT_NAME = STPhotoCore;
				SKIP_INSTALL = YES;
				SWIFT_VERSION = 5.0;
			};
			name = Release;
		};
		3549BB341DA389DB00C63030 /* Debug */ = {
			isa = XCBuildConfiguration;
			buildSettings = {
				APPLICATION_EXTENSION_API_ONLY = YES;
				CLANG_ENABLE_MODULES = YES;
				CODE_SIGN_IDENTITY = "";
				DEFINES_MODULE = YES;
				DYLIB_COMPATIBILITY_VERSION = 1;
				DYLIB_CURRENT_VERSION = 1;
				DYLIB_INSTALL_NAME_BASE = "@rpath";
				INFOPLIST_FILE = Sources/Info.plist;
				INSTALL_PATH = "$(LOCAL_LIBRARY_DIR)/Frameworks";
				LD_RUNPATH_SEARCH_PATHS = "$(inherited) @executable_path/Frameworks @loader_path/Frameworks";
				PRODUCT_BUNDLE_IDENTIFIER = com.streetography.st.photo.core.ios.STPhotoCore.STPhotoCore;
				PRODUCT_NAME = STPhotoCore;
				SDKROOT = watchos;
				SKIP_INSTALL = YES;
				SWIFT_OPTIMIZATION_LEVEL = "-Onone";
				TARGETED_DEVICE_FAMILY = 4;
				WATCHOS_DEPLOYMENT_TARGET = 2.0;
			};
			name = Debug;
		};
		3549BB351DA389DB00C63030 /* Release */ = {
			isa = XCBuildConfiguration;
			buildSettings = {
				APPLICATION_EXTENSION_API_ONLY = YES;
				CLANG_ENABLE_MODULES = YES;
				CODE_SIGN_IDENTITY = "";
				DEFINES_MODULE = YES;
				DYLIB_COMPATIBILITY_VERSION = 1;
				DYLIB_CURRENT_VERSION = 1;
				DYLIB_INSTALL_NAME_BASE = "@rpath";
				INFOPLIST_FILE = Sources/Info.plist;
				INSTALL_PATH = "$(LOCAL_LIBRARY_DIR)/Frameworks";
				LD_RUNPATH_SEARCH_PATHS = "$(inherited) @executable_path/Frameworks @loader_path/Frameworks";
				PRODUCT_BUNDLE_IDENTIFIER = com.streetography.st.photo.core.ios.STPhotoCore.STPhotoCore;
				PRODUCT_NAME = STPhotoCore;
				SDKROOT = watchos;
				SKIP_INSTALL = YES;
				TARGETED_DEVICE_FAMILY = 4;
				WATCHOS_DEPLOYMENT_TARGET = 2.0;
			};
			name = Release;
		};
		3549BB411DA389E800C63030 /* Debug */ = {
			isa = XCBuildConfiguration;
			buildSettings = {
				CLANG_ENABLE_MODULES = YES;
				COMBINE_HIDPI_IMAGES = YES;
				DEFINES_MODULE = YES;
				DYLIB_COMPATIBILITY_VERSION = 1;
				DYLIB_CURRENT_VERSION = 1;
				DYLIB_INSTALL_NAME_BASE = "@rpath";
				FRAMEWORK_VERSION = A;
				INFOPLIST_FILE = Sources/Info.plist;
				INSTALL_PATH = "$(LOCAL_LIBRARY_DIR)/Frameworks";
				LD_RUNPATH_SEARCH_PATHS = "$(inherited) @executable_path/../Frameworks @loader_path/Frameworks";
				MACOSX_DEPLOYMENT_TARGET = 10.10;
				PRODUCT_BUNDLE_IDENTIFIER = com.streetography.st.photo.core.ios.STPhotoCore.STPhotoCore;
				PRODUCT_NAME = STPhotoCore;
				SDKROOT = macosx;
				SKIP_INSTALL = YES;
				SWIFT_OPTIMIZATION_LEVEL = "-Onone";
			};
			name = Debug;
		};
		3549BB421DA389E800C63030 /* Release */ = {
			isa = XCBuildConfiguration;
			buildSettings = {
				CLANG_ENABLE_MODULES = YES;
				COMBINE_HIDPI_IMAGES = YES;
				DEFINES_MODULE = YES;
				DYLIB_COMPATIBILITY_VERSION = 1;
				DYLIB_CURRENT_VERSION = 1;
				DYLIB_INSTALL_NAME_BASE = "@rpath";
				FRAMEWORK_VERSION = A;
				INFOPLIST_FILE = Sources/Info.plist;
				INSTALL_PATH = "$(LOCAL_LIBRARY_DIR)/Frameworks";
				LD_RUNPATH_SEARCH_PATHS = "$(inherited) @executable_path/../Frameworks @loader_path/Frameworks";
				MACOSX_DEPLOYMENT_TARGET = 10.10;
				PRODUCT_BUNDLE_IDENTIFIER = com.streetography.st.photo.core.ios.STPhotoCore.STPhotoCore;
				PRODUCT_NAME = STPhotoCore;
				SDKROOT = macosx;
				SKIP_INSTALL = YES;
			};
			name = Release;
		};
		3549BB4E1DA389F300C63030 /* Debug */ = {
			isa = XCBuildConfiguration;
			buildSettings = {
				CLANG_ENABLE_MODULES = YES;
				CODE_SIGN_IDENTITY = "";
				DEFINES_MODULE = YES;
				DYLIB_COMPATIBILITY_VERSION = 1;
				DYLIB_CURRENT_VERSION = 1;
				DYLIB_INSTALL_NAME_BASE = "@rpath";
				INFOPLIST_FILE = "Sources/Info-tvOS.plist";
				INSTALL_PATH = "$(LOCAL_LIBRARY_DIR)/Frameworks";
				LD_RUNPATH_SEARCH_PATHS = "$(inherited) @executable_path/Frameworks @loader_path/Frameworks";
				PRODUCT_BUNDLE_IDENTIFIER = com.streetography.st.photo.core.ios.STPhotoCore.STPhotoCore;
				PRODUCT_NAME = STPhotoCore;
				SDKROOT = appletvos;
				SKIP_INSTALL = YES;
				SWIFT_OPTIMIZATION_LEVEL = "-Onone";
				TARGETED_DEVICE_FAMILY = 3;
				TVOS_DEPLOYMENT_TARGET = 9.0;
			};
			name = Debug;
		};
		3549BB4F1DA389F300C63030 /* Release */ = {
			isa = XCBuildConfiguration;
			buildSettings = {
				CLANG_ENABLE_MODULES = YES;
				CODE_SIGN_IDENTITY = "";
				DEFINES_MODULE = YES;
				DYLIB_COMPATIBILITY_VERSION = 1;
				DYLIB_CURRENT_VERSION = 1;
				DYLIB_INSTALL_NAME_BASE = "@rpath";
				INFOPLIST_FILE = "Sources/Info-tvOS.plist";
				INSTALL_PATH = "$(LOCAL_LIBRARY_DIR)/Frameworks";
				LD_RUNPATH_SEARCH_PATHS = "$(inherited) @executable_path/Frameworks @loader_path/Frameworks";
				PRODUCT_BUNDLE_IDENTIFIER = com.streetography.st.photo.core.ios.STPhotoCore.STPhotoCore;
				PRODUCT_NAME = STPhotoCore;
				SDKROOT = appletvos;
				SKIP_INSTALL = YES;
				TARGETED_DEVICE_FAMILY = 3;
				TVOS_DEPLOYMENT_TARGET = 9.0;
			};
			name = Release;
		};
		3549BB6A1DA38ADB00C63030 /* Debug */ = {
			isa = XCBuildConfiguration;
			buildSettings = {
				ALWAYS_EMBED_SWIFT_STANDARD_LIBRARIES = YES;
				CLANG_ENABLE_MODULES = YES;
				FRAMEWORK_SEARCH_PATHS = "$(inherited)";
				INFOPLIST_FILE = Tests/Info.plist;
				LD_RUNPATH_SEARCH_PATHS = "$(inherited) @executable_path/Frameworks @loader_path/Frameworks";
				PRODUCT_BUNDLE_IDENTIFIER = com.streetography.st.photo.core.ios.STPhotoCore.STPhotoCoreTests;
				PRODUCT_NAME = "$(TARGET_NAME)";
				SWIFT_OPTIMIZATION_LEVEL = "-Onone";
				SWIFT_VERSION = 5.0;
			};
			name = Debug;
		};
		3549BB6B1DA38ADB00C63030 /* Release */ = {
			isa = XCBuildConfiguration;
			buildSettings = {
				ALWAYS_EMBED_SWIFT_STANDARD_LIBRARIES = YES;
				CLANG_ENABLE_MODULES = YES;
				FRAMEWORK_SEARCH_PATHS = "$(inherited)";
				INFOPLIST_FILE = Tests/Info.plist;
				LD_RUNPATH_SEARCH_PATHS = "$(inherited) @executable_path/Frameworks @loader_path/Frameworks";
				PRODUCT_BUNDLE_IDENTIFIER = com.streetography.st.photo.core.ios.STPhotoCore.STPhotoCoreTests;
				PRODUCT_NAME = "$(TARGET_NAME)";
				SWIFT_VERSION = 5.0;
			};
			name = Release;
		};
		3549BB791DA38AEF00C63030 /* Debug */ = {
			isa = XCBuildConfiguration;
			buildSettings = {
				ALWAYS_EMBED_SWIFT_STANDARD_LIBRARIES = YES;
				CLANG_ENABLE_MODULES = YES;
				FRAMEWORK_SEARCH_PATHS = "$(inherited)";
				INFOPLIST_FILE = "Tests/Info-tvOS.plist";
				LD_RUNPATH_SEARCH_PATHS = "$(inherited) @executable_path/Frameworks @loader_path/Frameworks";
				PRODUCT_BUNDLE_IDENTIFIER = com.streetography.st.photo.core.ios.STPhotoCore.STPhotoCoreTests;
				PRODUCT_NAME = "$(TARGET_NAME)";
				SDKROOT = appletvos;
				SWIFT_OPTIMIZATION_LEVEL = "-Onone";
				TVOS_DEPLOYMENT_TARGET = 9.0;
			};
			name = Debug;
		};
		3549BB7A1DA38AEF00C63030 /* Release */ = {
			isa = XCBuildConfiguration;
			buildSettings = {
				ALWAYS_EMBED_SWIFT_STANDARD_LIBRARIES = YES;
				CLANG_ENABLE_MODULES = YES;
				FRAMEWORK_SEARCH_PATHS = "$(inherited)";
				INFOPLIST_FILE = "Tests/Info-tvOS.plist";
				LD_RUNPATH_SEARCH_PATHS = "$(inherited) @executable_path/Frameworks @loader_path/Frameworks";
				PRODUCT_BUNDLE_IDENTIFIER = com.streetography.st.photo.core.ios.STPhotoCore.STPhotoCoreTests;
				PRODUCT_NAME = "$(TARGET_NAME)";
				SDKROOT = appletvos;
				TVOS_DEPLOYMENT_TARGET = 9.0;
			};
			name = Release;
		};
		3549BB881DA38B0000C63030 /* Debug */ = {
			isa = XCBuildConfiguration;
			buildSettings = {
				ALWAYS_EMBED_SWIFT_STANDARD_LIBRARIES = YES;
				CLANG_ENABLE_MODULES = YES;
				COMBINE_HIDPI_IMAGES = YES;
				FRAMEWORK_SEARCH_PATHS = "$(inherited)";
				INFOPLIST_FILE = Tests/Info.plist;
				LD_RUNPATH_SEARCH_PATHS = "$(inherited) @executable_path/../Frameworks @loader_path/../Frameworks";
				MACOSX_DEPLOYMENT_TARGET = 10.10;
				PRODUCT_BUNDLE_IDENTIFIER = com.streetography.st.photo.core.ios.STPhotoCore.STPhotoCoreTests;
				PRODUCT_NAME = "$(TARGET_NAME)";
				SDKROOT = macosx;
				SWIFT_OPTIMIZATION_LEVEL = "-Onone";
			};
			name = Debug;
		};
		3549BB891DA38B0000C63030 /* Release */ = {
			isa = XCBuildConfiguration;
			buildSettings = {
				ALWAYS_EMBED_SWIFT_STANDARD_LIBRARIES = YES;
				CLANG_ENABLE_MODULES = YES;
				COMBINE_HIDPI_IMAGES = YES;
				FRAMEWORK_SEARCH_PATHS = "$(inherited)";
				INFOPLIST_FILE = Tests/Info.plist;
				LD_RUNPATH_SEARCH_PATHS = "$(inherited) @executable_path/../Frameworks @loader_path/../Frameworks";
				MACOSX_DEPLOYMENT_TARGET = 10.10;
				PRODUCT_BUNDLE_IDENTIFIER = com.streetography.st.photo.core.ios.STPhotoCore.STPhotoCoreTests;
				PRODUCT_NAME = "$(TARGET_NAME)";
				SDKROOT = macosx;
			};
			name = Release;
		};
/* End XCBuildConfiguration section */

/* Begin XCConfigurationList section */
		3549BAFF1DA387DB00C63030 /* Build configuration list for PBXProject "STPhotoCore" */ = {
			isa = XCConfigurationList;
			buildConfigurations = (
				3549BB0B1DA387DB00C63030 /* Debug */,
				3549BB0C1DA387DB00C63030 /* Release */,
			);
			defaultConfigurationIsVisible = 0;
			defaultConfigurationName = Release;
		};
		3549BB261DA389CD00C63030 /* Build configuration list for PBXNativeTarget "STPhotoCore-iOS" */ = {
			isa = XCConfigurationList;
			buildConfigurations = (
				3549BB271DA389CD00C63030 /* Debug */,
				3549BB281DA389CD00C63030 /* Release */,
			);
			defaultConfigurationIsVisible = 0;
			defaultConfigurationName = Release;
		};
		3549BB331DA389DB00C63030 /* Build configuration list for PBXNativeTarget "STPhotoCore-watchOS" */ = {
			isa = XCConfigurationList;
			buildConfigurations = (
				3549BB341DA389DB00C63030 /* Debug */,
				3549BB351DA389DB00C63030 /* Release */,
			);
			defaultConfigurationIsVisible = 0;
			defaultConfigurationName = Release;
		};
		3549BB401DA389E800C63030 /* Build configuration list for PBXNativeTarget "STPhotoCore-macOS" */ = {
			isa = XCConfigurationList;
			buildConfigurations = (
				3549BB411DA389E800C63030 /* Debug */,
				3549BB421DA389E800C63030 /* Release */,
			);
			defaultConfigurationIsVisible = 0;
			defaultConfigurationName = Release;
		};
		3549BB4D1DA389F300C63030 /* Build configuration list for PBXNativeTarget "STPhotoCore-tvOS" */ = {
			isa = XCConfigurationList;
			buildConfigurations = (
				3549BB4E1DA389F300C63030 /* Debug */,
				3549BB4F1DA389F300C63030 /* Release */,
			);
			defaultConfigurationIsVisible = 0;
			defaultConfigurationName = Release;
		};
		3549BB691DA38ADB00C63030 /* Build configuration list for PBXNativeTarget "STPhotoCoreTests-iOS" */ = {
			isa = XCConfigurationList;
			buildConfigurations = (
				3549BB6A1DA38ADB00C63030 /* Debug */,
				3549BB6B1DA38ADB00C63030 /* Release */,
			);
			defaultConfigurationIsVisible = 0;
			defaultConfigurationName = Release;
		};
		3549BB781DA38AEF00C63030 /* Build configuration list for PBXNativeTarget "STPhotoCoreTests-tvOS" */ = {
			isa = XCConfigurationList;
			buildConfigurations = (
				3549BB791DA38AEF00C63030 /* Debug */,
				3549BB7A1DA38AEF00C63030 /* Release */,
			);
			defaultConfigurationIsVisible = 0;
			defaultConfigurationName = Release;
		};
		3549BB871DA38B0000C63030 /* Build configuration list for PBXNativeTarget "STPhotoCoreTests-macOS" */ = {
			isa = XCConfigurationList;
			buildConfigurations = (
				3549BB881DA38B0000C63030 /* Debug */,
				3549BB891DA38B0000C63030 /* Release */,
			);
			defaultConfigurationIsVisible = 0;
			defaultConfigurationName = Release;
		};
/* End XCConfigurationList section */
	};
	rootObject = 3549BAFC1DA387DB00C63030 /* Project object */;
}
